// !$*UTF8*$!
{
	archiveVersion = 1;
	classes = {
	};
	objectVersion = 46;
	objects = {

/* Begin PBXBuildFile section */
		84A0D22216E2724F0010D80D /* BACoreDataManager.m in Sources */ = {isa = PBXBuildFile; fileRef = 84A0D20B16E2724F0010D80D /* BACoreDataManager.m */; };
		84A0D22516E2724F0010D80D /* BARelationshipProxy.m in Sources */ = {isa = PBXBuildFile; fileRef = 84A0D20E16E2724F0010D80D /* BARelationshipProxy.m */; };
		84A0D22716E2724F0010D80D /* BASampleArray.m in Sources */ = {isa = PBXBuildFile; fileRef = 84A0D21016E2724F0010D80D /* BASampleArray.m */; };
		84A0D22916E2724F0010D80D /* BASparseBitArray.m in Sources */ = {isa = PBXBuildFile; fileRef = 84A0D21216E2724F0010D80D /* BASparseBitArray.m */; };
		84A0D22B16E2724F0010D80D /* BAUUID.m in Sources */ = {isa = PBXBuildFile; fileRef = 84A0D21416E2724F0010D80D /* BAUUID.m */; };
		84A0D22D16E2724F0010D80D /* DateTransformer.m in Sources */ = {isa = PBXBuildFile; fileRef = 84A0D21616E2724F0010D80D /* DateTransformer.m */; };
		84A0D22F16E2724F0010D80D /* FloatNumberTransformer.m in Sources */ = {isa = PBXBuildFile; fileRef = 84A0D21816E2724F0010D80D /* FloatNumberTransformer.m */; };
		84A0D23116E2724F0010D80D /* IntegerNumberTransformer.m in Sources */ = {isa = PBXBuildFile; fileRef = 84A0D21A16E2724F0010D80D /* IntegerNumberTransformer.m */; };
		84A0D23316E2724F0010D80D /* NSManagedObject+BAAdditions.m in Sources */ = {isa = PBXBuildFile; fileRef = 84A0D21C16E2724F0010D80D /* NSManagedObject+BAAdditions.m */; };
		84A0D23516E2724F0010D80D /* NSManagedObjectContext+BAAdditions.m in Sources */ = {isa = PBXBuildFile; fileRef = 84A0D21E16E2724F0010D80D /* NSManagedObjectContext+BAAdditions.m */; };
		84A0D23716E2724F0010D80D /* NSObject+PlistTransforming.m in Sources */ = {isa = PBXBuildFile; fileRef = 84A0D22016E2724F0010D80D /* NSObject+PlistTransforming.m */; };
		84A0D23916E2728A0010D80D /* UIKit.framework in Frameworks */ = {isa = PBXBuildFile; fileRef = 84A0D23816E2728A0010D80D /* UIKit.framework */; };
		84AEC9CA184BB6C9002AC8D0 /* BANoise.m in Sources */ = {isa = PBXBuildFile; fileRef = 84AEC9C1184BB6C9002AC8D0 /* BANoise.m */; };
		84AEC9CC184BB6C9002AC8D0 /* BASparseArray.m in Sources */ = {isa = PBXBuildFile; fileRef = 84AEC9C3184BB6C9002AC8D0 /* BASparseArray.m */; };
		84AEC9CF184BB6C9002AC8D0 /* BASparseSampleArray.m in Sources */ = {isa = PBXBuildFile; fileRef = 84AEC9C6184BB6C9002AC8D0 /* BASparseSampleArray.m */; };
		84AEC9D1184BB6C9002AC8D0 /* NSData+GZip.m in Sources */ = {isa = PBXBuildFile; fileRef = 84AEC9C8184BB6C9002AC8D0 /* NSData+GZip.m */; };
		84AECAD2184BBBE9002AC8D0 /* BABitArray.h in CopyFiles */ = {isa = PBXBuildFile; fileRef = B6AAB6DA14C21BC20007A0A4 /* BABitArray.h */; };
		84AECAD3184BBBE9002AC8D0 /* BACoreDataManager.h in CopyFiles */ = {isa = PBXBuildFile; fileRef = 84A0D20A16E2724F0010D80D /* BACoreDataManager.h */; };
		84AECAD4184BBBE9002AC8D0 /* BAGraphNode.h in CopyFiles */ = {isa = PBXBuildFile; fileRef = B6AAB6DC14C21BC20007A0A4 /* BAGraphNode.h */; };
		84AECAD5184BBBE9002AC8D0 /* BAMacros.h in CopyFiles */ = {isa = PBXBuildFile; fileRef = 84A0D20C16E2724F0010D80D /* BAMacros.h */; };
		84AECAD6184BBBE9002AC8D0 /* BANoise.h in CopyFiles */ = {isa = PBXBuildFile; fileRef = 84AEC9C0184BB6C9002AC8D0 /* BANoise.h */; };
		84AECAD7184BBBE9002AC8D0 /* BANoiseMaker.h in CopyFiles */ = {isa = PBXBuildFile; fileRef = B6AAB6DE14C21BC20007A0A4 /* BANoiseMaker.h */; };
		84AECAD8184BBBE9002AC8D0 /* BARelationshipProxy.h in CopyFiles */ = {isa = PBXBuildFile; fileRef = 84A0D20D16E2724F0010D80D /* BARelationshipProxy.h */; };
		84AECAD9184BBBE9002AC8D0 /* BASampleArray.h in CopyFiles */ = {isa = PBXBuildFile; fileRef = 84A0D20F16E2724F0010D80D /* BASampleArray.h */; };
		84AECADA184BBBE9002AC8D0 /* BASparseArray.h in CopyFiles */ = {isa = PBXBuildFile; fileRef = 84AEC9C2184BB6C9002AC8D0 /* BASparseArray.h */; };
		84AECADC184BBBE9002AC8D0 /* BASparseBitArray.h in CopyFiles */ = {isa = PBXBuildFile; fileRef = 84A0D21116E2724F0010D80D /* BASparseBitArray.h */; };
		84AECADD184BBBE9002AC8D0 /* BASparseSampleArray.h in CopyFiles */ = {isa = PBXBuildFile; fileRef = 84AEC9C5184BB6C9002AC8D0 /* BASparseSampleArray.h */; };
		84AECADE184BBBE9002AC8D0 /* BATextIOHandler.h in CopyFiles */ = {isa = PBXBuildFile; fileRef = B6AAB6E014C21BC20007A0A4 /* BATextIOHandler.h */; };
		84AECADF184BBBE9002AC8D0 /* BAUUID.h in CopyFiles */ = {isa = PBXBuildFile; fileRef = 84A0D21316E2724F0010D80D /* BAUUID.h */; };
		84AECAE0184BBBE9002AC8D0 /* DateTransformer.h in CopyFiles */ = {isa = PBXBuildFile; fileRef = 84A0D21516E2724F0010D80D /* DateTransformer.h */; };
		84AECAE1184BBBE9002AC8D0 /* FloatNumberTransformer.h in CopyFiles */ = {isa = PBXBuildFile; fileRef = 84A0D21716E2724F0010D80D /* FloatNumberTransformer.h */; };
		84AECAE2184BBBE9002AC8D0 /* IntegerNumberTransformer.h in CopyFiles */ = {isa = PBXBuildFile; fileRef = 84A0D21916E2724F0010D80D /* IntegerNumberTransformer.h */; };
		84AECAE3184BBBE9002AC8D0 /* NSData+GZip.h in CopyFiles */ = {isa = PBXBuildFile; fileRef = 84AEC9C7184BB6C9002AC8D0 /* NSData+GZip.h */; };
		84AECAE4184BBBE9002AC8D0 /* NSManagedObject+BAAdditions.h in CopyFiles */ = {isa = PBXBuildFile; fileRef = 84A0D21B16E2724F0010D80D /* NSManagedObject+BAAdditions.h */; };
		84AECAE5184BBBE9002AC8D0 /* NSManagedObjectContext+BAAdditions.h in CopyFiles */ = {isa = PBXBuildFile; fileRef = 84A0D21D16E2724F0010D80D /* NSManagedObjectContext+BAAdditions.h */; };
		84AECAE6184BBBE9002AC8D0 /* NSObject+PlistTransforming.h in CopyFiles */ = {isa = PBXBuildFile; fileRef = 84A0D21F16E2724F0010D80D /* NSObject+PlistTransforming.h */; };
		84AECAE8184BC089002AC8D0 /* BAFunctions.h in CopyFiles */ = {isa = PBXBuildFile; fileRef = 84AECAE7184BC080002AC8D0 /* BAFunctions.h */; };
		84BD6A711B80DEE6005C658F /* NSObject+BAIntrospection.m in Sources */ = {isa = PBXBuildFile; fileRef = 84BD6A701B80DEE6005C658F /* NSObject+BAIntrospection.m */; };
		84BD6A721B8137CC005C658F /* NSObject+BAIntrospection.h in CopyFiles */ = {isa = PBXBuildFile; fileRef = 84BD6A6F1B80DEE6005C658F /* NSObject+BAIntrospection.h */; };
		84F11FEF190617C20035E15C /* NSEntityDescription+BAAdditions.m in Sources */ = {isa = PBXBuildFile; fileRef = 84F11FEE190617C20035E15C /* NSEntityDescription+BAAdditions.m */; };
		84F11FF019061C1E0035E15C /* NSEntityDescription+BAAdditions.h in CopyFiles */ = {isa = PBXBuildFile; fileRef = 84F11FED190617C20035E15C /* NSEntityDescription+BAAdditions.h */; };
		84F246E91ADF3B7100D3C499 /* BABitArray+Rectangles.m in Sources */ = {isa = PBXBuildFile; fileRef = 84F246E71ADF3B7100D3C499 /* BABitArray+Rectangles.m */; };
		84F246EA1ADF3BA200D3C499 /* BATypes.h in CopyFiles */ = {isa = PBXBuildFile; fileRef = 84F246E81ADF3B7100D3C499 /* BATypes.h */; };
		B6AAB6CE14C21B9A0007A0A4 /* Foundation.framework in Frameworks */ = {isa = PBXBuildFile; fileRef = B6AAB6CD14C21B9A0007A0A4 /* Foundation.framework */; };
		B6AAB6E314C21BC20007A0A4 /* BABitArray.m in Sources */ = {isa = PBXBuildFile; fileRef = B6AAB6DB14C21BC20007A0A4 /* BABitArray.m */; };
		B6AAB6E514C21BC20007A0A4 /* BAGraphNode.m in Sources */ = {isa = PBXBuildFile; fileRef = B6AAB6DD14C21BC20007A0A4 /* BAGraphNode.m */; };
		B6AAB6E714C21BC20007A0A4 /* BANoiseMaker.m in Sources */ = {isa = PBXBuildFile; fileRef = B6AAB6DF14C21BC20007A0A4 /* BANoiseMaker.m */; };
		B6AAB6E914C21BC20007A0A4 /* BATextIOHandler.m in Sources */ = {isa = PBXBuildFile; fileRef = B6AAB6E114C21BC20007A0A4 /* BATextIOHandler.m */; };
/* End PBXBuildFile section */

/* Begin PBXCopyFilesBuildPhase section */
		84AECAD1184BBBCE002AC8D0 /* CopyFiles */ = {
			isa = PBXCopyFilesBuildPhase;
			buildActionMask = 2147483647;
			dstPath = "include/$(PRODUCT_NAME)";
			dstSubfolderSpec = 16;
			files = (
				84BD6A721B8137CC005C658F /* NSObject+BAIntrospection.h in CopyFiles */,
				84F246EA1ADF3BA200D3C499 /* BATypes.h in CopyFiles */,
				84F11FF019061C1E0035E15C /* NSEntityDescription+BAAdditions.h in CopyFiles */,
				84AECAE8184BC089002AC8D0 /* BAFunctions.h in CopyFiles */,
				84AECAD2184BBBE9002AC8D0 /* BABitArray.h in CopyFiles */,
				84AECAD3184BBBE9002AC8D0 /* BACoreDataManager.h in CopyFiles */,
				84AECAD4184BBBE9002AC8D0 /* BAGraphNode.h in CopyFiles */,
				84AECAD5184BBBE9002AC8D0 /* BAMacros.h in CopyFiles */,
				84AECAD6184BBBE9002AC8D0 /* BANoise.h in CopyFiles */,
				84AECAD7184BBBE9002AC8D0 /* BANoiseMaker.h in CopyFiles */,
				84AECAD8184BBBE9002AC8D0 /* BARelationshipProxy.h in CopyFiles */,
				84AECAD9184BBBE9002AC8D0 /* BASampleArray.h in CopyFiles */,
				84AECADA184BBBE9002AC8D0 /* BASparseArray.h in CopyFiles */,
				84AECADC184BBBE9002AC8D0 /* BASparseBitArray.h in CopyFiles */,
				84AECADD184BBBE9002AC8D0 /* BASparseSampleArray.h in CopyFiles */,
				84AECADE184BBBE9002AC8D0 /* BATextIOHandler.h in CopyFiles */,
				84AECADF184BBBE9002AC8D0 /* BAUUID.h in CopyFiles */,
				84AECAE0184BBBE9002AC8D0 /* DateTransformer.h in CopyFiles */,
				84AECAE1184BBBE9002AC8D0 /* FloatNumberTransformer.h in CopyFiles */,
				84AECAE2184BBBE9002AC8D0 /* IntegerNumberTransformer.h in CopyFiles */,
				84AECAE3184BBBE9002AC8D0 /* NSData+GZip.h in CopyFiles */,
				84AECAE4184BBBE9002AC8D0 /* NSManagedObject+BAAdditions.h in CopyFiles */,
				84AECAE5184BBBE9002AC8D0 /* NSManagedObjectContext+BAAdditions.h in CopyFiles */,
				84AECAE6184BBBE9002AC8D0 /* NSObject+PlistTransforming.h in CopyFiles */,
			);
			runOnlyForDeploymentPostprocessing = 0;
		};
/* End PBXCopyFilesBuildPhase section */

/* Begin PBXFileReference section */
		84A0D20A16E2724F0010D80D /* BACoreDataManager.h */ = {isa = PBXFileReference; fileEncoding = 4; lastKnownFileType = sourcecode.c.h; path = BACoreDataManager.h; sourceTree = "<group>"; };
		84A0D20B16E2724F0010D80D /* BACoreDataManager.m */ = {isa = PBXFileReference; fileEncoding = 4; lastKnownFileType = sourcecode.c.objc; lineEnding = 0; path = BACoreDataManager.m; sourceTree = "<group>"; xcLanguageSpecificationIdentifier = xcode.lang.objc; };
		84A0D20C16E2724F0010D80D /* BAMacros.h */ = {isa = PBXFileReference; fileEncoding = 4; lastKnownFileType = sourcecode.c.h; path = BAMacros.h; sourceTree = "<group>"; };
		84A0D20D16E2724F0010D80D /* BARelationshipProxy.h */ = {isa = PBXFileReference; fileEncoding = 4; lastKnownFileType = sourcecode.c.h; path = BARelationshipProxy.h; sourceTree = "<group>"; };
		84A0D20E16E2724F0010D80D /* BARelationshipProxy.m */ = {isa = PBXFileReference; fileEncoding = 4; lastKnownFileType = sourcecode.c.objc; lineEnding = 0; path = BARelationshipProxy.m; sourceTree = "<group>"; xcLanguageSpecificationIdentifier = xcode.lang.objc; };
		84A0D20F16E2724F0010D80D /* BASampleArray.h */ = {isa = PBXFileReference; fileEncoding = 4; lastKnownFileType = sourcecode.c.h; path = BASampleArray.h; sourceTree = "<group>"; };
		84A0D21016E2724F0010D80D /* BASampleArray.m */ = {isa = PBXFileReference; fileEncoding = 4; lastKnownFileType = sourcecode.c.objc; lineEnding = 0; path = BASampleArray.m; sourceTree = "<group>"; xcLanguageSpecificationIdentifier = xcode.lang.objc; };
		84A0D21116E2724F0010D80D /* BASparseBitArray.h */ = {isa = PBXFileReference; fileEncoding = 4; lastKnownFileType = sourcecode.c.h; path = BASparseBitArray.h; sourceTree = "<group>"; };
		84A0D21216E2724F0010D80D /* BASparseBitArray.m */ = {isa = PBXFileReference; fileEncoding = 4; lastKnownFileType = sourcecode.c.objc; lineEnding = 0; path = BASparseBitArray.m; sourceTree = "<group>"; xcLanguageSpecificationIdentifier = xcode.lang.objc; };
		84A0D21316E2724F0010D80D /* BAUUID.h */ = {isa = PBXFileReference; fileEncoding = 4; lastKnownFileType = sourcecode.c.h; path = BAUUID.h; sourceTree = "<group>"; };
		84A0D21416E2724F0010D80D /* BAUUID.m */ = {isa = PBXFileReference; fileEncoding = 4; lastKnownFileType = sourcecode.c.objc; lineEnding = 0; path = BAUUID.m; sourceTree = "<group>"; xcLanguageSpecificationIdentifier = xcode.lang.objc; };
		84A0D21516E2724F0010D80D /* DateTransformer.h */ = {isa = PBXFileReference; fileEncoding = 4; lastKnownFileType = sourcecode.c.h; path = DateTransformer.h; sourceTree = "<group>"; };
		84A0D21616E2724F0010D80D /* DateTransformer.m */ = {isa = PBXFileReference; fileEncoding = 4; lastKnownFileType = sourcecode.c.objc; path = DateTransformer.m; sourceTree = "<group>"; };
		84A0D21716E2724F0010D80D /* FloatNumberTransformer.h */ = {isa = PBXFileReference; fileEncoding = 4; lastKnownFileType = sourcecode.c.h; path = FloatNumberTransformer.h; sourceTree = "<group>"; };
		84A0D21816E2724F0010D80D /* FloatNumberTransformer.m */ = {isa = PBXFileReference; fileEncoding = 4; lastKnownFileType = sourcecode.c.objc; path = FloatNumberTransformer.m; sourceTree = "<group>"; };
		84A0D21916E2724F0010D80D /* IntegerNumberTransformer.h */ = {isa = PBXFileReference; fileEncoding = 4; lastKnownFileType = sourcecode.c.h; path = IntegerNumberTransformer.h; sourceTree = "<group>"; };
		84A0D21A16E2724F0010D80D /* IntegerNumberTransformer.m */ = {isa = PBXFileReference; fileEncoding = 4; lastKnownFileType = sourcecode.c.objc; path = IntegerNumberTransformer.m; sourceTree = "<group>"; };
		84A0D21B16E2724F0010D80D /* NSManagedObject+BAAdditions.h */ = {isa = PBXFileReference; fileEncoding = 4; lastKnownFileType = sourcecode.c.h; path = "NSManagedObject+BAAdditions.h"; sourceTree = "<group>"; };
		84A0D21C16E2724F0010D80D /* NSManagedObject+BAAdditions.m */ = {isa = PBXFileReference; fileEncoding = 4; lastKnownFileType = sourcecode.c.objc; lineEnding = 0; path = "NSManagedObject+BAAdditions.m"; sourceTree = "<group>"; xcLanguageSpecificationIdentifier = xcode.lang.objc; };
		84A0D21D16E2724F0010D80D /* NSManagedObjectContext+BAAdditions.h */ = {isa = PBXFileReference; fileEncoding = 4; lastKnownFileType = sourcecode.c.h; path = "NSManagedObjectContext+BAAdditions.h"; sourceTree = "<group>"; };
		84A0D21E16E2724F0010D80D /* NSManagedObjectContext+BAAdditions.m */ = {isa = PBXFileReference; fileEncoding = 4; lastKnownFileType = sourcecode.c.objc; path = "NSManagedObjectContext+BAAdditions.m"; sourceTree = "<group>"; };
		84A0D21F16E2724F0010D80D /* NSObject+PlistTransforming.h */ = {isa = PBXFileReference; fileEncoding = 4; lastKnownFileType = sourcecode.c.h; path = "NSObject+PlistTransforming.h"; sourceTree = "<group>"; };
		84A0D22016E2724F0010D80D /* NSObject+PlistTransforming.m */ = {isa = PBXFileReference; fileEncoding = 4; lastKnownFileType = sourcecode.c.objc; path = "NSObject+PlistTransforming.m"; sourceTree = "<group>"; };
		84A0D23816E2728A0010D80D /* UIKit.framework */ = {isa = PBXFileReference; lastKnownFileType = wrapper.framework; name = UIKit.framework; path = System/Library/Frameworks/UIKit.framework; sourceTree = SDKROOT; };
		84AEC9C0184BB6C9002AC8D0 /* BANoise.h */ = {isa = PBXFileReference; fileEncoding = 4; lastKnownFileType = sourcecode.c.h; path = BANoise.h; sourceTree = "<group>"; };
		84AEC9C1184BB6C9002AC8D0 /* BANoise.m */ = {isa = PBXFileReference; fileEncoding = 4; lastKnownFileType = sourcecode.c.objc; lineEnding = 0; path = BANoise.m; sourceTree = "<group>"; xcLanguageSpecificationIdentifier = xcode.lang.objc; };
		84AEC9C2184BB6C9002AC8D0 /* BASparseArray.h */ = {isa = PBXFileReference; fileEncoding = 4; lastKnownFileType = sourcecode.c.h; path = BASparseArray.h; sourceTree = "<group>"; };
		84AEC9C3184BB6C9002AC8D0 /* BASparseArray.m */ = {isa = PBXFileReference; fileEncoding = 4; lastKnownFileType = sourcecode.c.objc; lineEnding = 0; path = BASparseArray.m; sourceTree = "<group>"; xcLanguageSpecificationIdentifier = xcode.lang.objc; };
		84AEC9C4184BB6C9002AC8D0 /* BASparseArrayPrivate.h */ = {isa = PBXFileReference; fileEncoding = 4; lastKnownFileType = sourcecode.c.h; path = BASparseArrayPrivate.h; sourceTree = "<group>"; };
		84AEC9C5184BB6C9002AC8D0 /* BASparseSampleArray.h */ = {isa = PBXFileReference; fileEncoding = 4; lastKnownFileType = sourcecode.c.h; path = BASparseSampleArray.h; sourceTree = "<group>"; };
		84AEC9C6184BB6C9002AC8D0 /* BASparseSampleArray.m */ = {isa = PBXFileReference; fileEncoding = 4; lastKnownFileType = sourcecode.c.objc; lineEnding = 0; path = BASparseSampleArray.m; sourceTree = "<group>"; xcLanguageSpecificationIdentifier = xcode.lang.objc; };
		84AEC9C7184BB6C9002AC8D0 /* NSData+GZip.h */ = {isa = PBXFileReference; fileEncoding = 4; lastKnownFileType = sourcecode.c.h; path = "NSData+GZip.h"; sourceTree = "<group>"; };
		84AEC9C8184BB6C9002AC8D0 /* NSData+GZip.m */ = {isa = PBXFileReference; fileEncoding = 4; lastKnownFileType = sourcecode.c.objc; path = "NSData+GZip.m"; sourceTree = "<group>"; };
		84AECAE7184BC080002AC8D0 /* BAFunctions.h */ = {isa = PBXFileReference; fileEncoding = 4; lastKnownFileType = sourcecode.c.h; path = BAFunctions.h; sourceTree = "<group>"; };
		84BD6A6F1B80DEE6005C658F /* NSObject+BAIntrospection.h */ = {isa = PBXFileReference; fileEncoding = 4; lastKnownFileType = sourcecode.c.h; lineEnding = 0; path = "NSObject+BAIntrospection.h"; sourceTree = "<group>"; xcLanguageSpecificationIdentifier = xcode.lang.objcpp; };
		84BD6A701B80DEE6005C658F /* NSObject+BAIntrospection.m */ = {isa = PBXFileReference; fileEncoding = 4; lastKnownFileType = sourcecode.c.objc; lineEnding = 0; path = "NSObject+BAIntrospection.m"; sourceTree = "<group>"; xcLanguageSpecificationIdentifier = xcode.lang.objc; };
		84F11FED190617C20035E15C /* NSEntityDescription+BAAdditions.h */ = {isa = PBXFileReference; fileEncoding = 4; lastKnownFileType = sourcecode.c.h; path = "NSEntityDescription+BAAdditions.h"; sourceTree = "<group>"; };
		84F11FEE190617C20035E15C /* NSEntityDescription+BAAdditions.m */ = {isa = PBXFileReference; fileEncoding = 4; lastKnownFileType = sourcecode.c.objc; path = "NSEntityDescription+BAAdditions.m"; sourceTree = "<group>"; };
		84F246E61ADF3B7100D3C499 /* BABitArray+Rectangles.h */ = {isa = PBXFileReference; fileEncoding = 4; lastKnownFileType = sourcecode.c.h; path = "BABitArray+Rectangles.h"; sourceTree = "<group>"; };
		84F246E71ADF3B7100D3C499 /* BABitArray+Rectangles.m */ = {isa = PBXFileReference; fileEncoding = 4; lastKnownFileType = sourcecode.c.objc; path = "BABitArray+Rectangles.m"; sourceTree = "<group>"; };
		84F246E81ADF3B7100D3C499 /* BATypes.h */ = {isa = PBXFileReference; fileEncoding = 4; lastKnownFileType = sourcecode.c.h; path = BATypes.h; sourceTree = "<group>"; };
		B6AAB6CA14C21B9A0007A0A4 /* libBAFoundation.a */ = {isa = PBXFileReference; explicitFileType = archive.ar; includeInIndex = 0; path = libBAFoundation.a; sourceTree = BUILT_PRODUCTS_DIR; };
		B6AAB6CD14C21B9A0007A0A4 /* Foundation.framework */ = {isa = PBXFileReference; lastKnownFileType = wrapper.framework; name = Foundation.framework; path = System/Library/Frameworks/Foundation.framework; sourceTree = SDKROOT; };
		B6AAB6D114C21B9A0007A0A4 /* BAFoundation-Prefix.pch */ = {isa = PBXFileReference; lastKnownFileType = sourcecode.c.h; name = "BAFoundation-Prefix.pch"; path = "../iOS/BAFoundation/BAFoundation-Prefix.pch"; sourceTree = "<group>"; };
		B6AAB6DA14C21BC20007A0A4 /* BABitArray.h */ = {isa = PBXFileReference; fileEncoding = 4; lastKnownFileType = sourcecode.c.h; path = BABitArray.h; sourceTree = "<group>"; };
		B6AAB6DB14C21BC20007A0A4 /* BABitArray.m */ = {isa = PBXFileReference; fileEncoding = 4; lastKnownFileType = sourcecode.c.objc; lineEnding = 0; path = BABitArray.m; sourceTree = "<group>"; xcLanguageSpecificationIdentifier = xcode.lang.objc; };
		B6AAB6DC14C21BC20007A0A4 /* BAGraphNode.h */ = {isa = PBXFileReference; fileEncoding = 4; lastKnownFileType = sourcecode.c.h; path = BAGraphNode.h; sourceTree = "<group>"; };
		B6AAB6DD14C21BC20007A0A4 /* BAGraphNode.m */ = {isa = PBXFileReference; fileEncoding = 4; lastKnownFileType = sourcecode.c.objc; lineEnding = 0; path = BAGraphNode.m; sourceTree = "<group>"; xcLanguageSpecificationIdentifier = xcode.lang.objc; };
		B6AAB6DE14C21BC20007A0A4 /* BANoiseMaker.h */ = {isa = PBXFileReference; fileEncoding = 4; lastKnownFileType = sourcecode.c.h; path = BANoiseMaker.h; sourceTree = "<group>"; };
		B6AAB6DF14C21BC20007A0A4 /* BANoiseMaker.m */ = {isa = PBXFileReference; fileEncoding = 4; lastKnownFileType = sourcecode.c.objc; lineEnding = 0; path = BANoiseMaker.m; sourceTree = "<group>"; xcLanguageSpecificationIdentifier = xcode.lang.objc; };
		B6AAB6E014C21BC20007A0A4 /* BATextIOHandler.h */ = {isa = PBXFileReference; fileEncoding = 4; lastKnownFileType = sourcecode.c.h; path = BATextIOHandler.h; sourceTree = "<group>"; };
		B6AAB6E114C21BC20007A0A4 /* BATextIOHandler.m */ = {isa = PBXFileReference; fileEncoding = 4; lastKnownFileType = sourcecode.c.objc; lineEnding = 0; path = BATextIOHandler.m; sourceTree = "<group>"; xcLanguageSpecificationIdentifier = xcode.lang.objc; };
/* End PBXFileReference section */

/* Begin PBXFrameworksBuildPhase section */
		B6AAB6C714C21B9A0007A0A4 /* Frameworks */ = {
			isa = PBXFrameworksBuildPhase;
			buildActionMask = 2147483647;
			files = (
				B6AAB6CE14C21B9A0007A0A4 /* Foundation.framework in Frameworks */,
				84A0D23916E2728A0010D80D /* UIKit.framework in Frameworks */,
			);
			runOnlyForDeploymentPostprocessing = 0;
		};
/* End PBXFrameworksBuildPhase section */

/* Begin PBXGroup section */
		84AECAFB184BCAA7002AC8D0 /* Transformers */ = {
			isa = PBXGroup;
			children = (
				84A0D21516E2724F0010D80D /* DateTransformer.h */,
				84A0D21616E2724F0010D80D /* DateTransformer.m */,
				84A0D21716E2724F0010D80D /* FloatNumberTransformer.h */,
				84A0D21816E2724F0010D80D /* FloatNumberTransformer.m */,
				84A0D21916E2724F0010D80D /* IntegerNumberTransformer.h */,
				84A0D21A16E2724F0010D80D /* IntegerNumberTransformer.m */,
			);
			name = Transformers;
			sourceTree = "<group>";
		};
		84AECAFC184BCAB5002AC8D0 /* Foundation Additions */ = {
			isa = PBXGroup;
			children = (
				84AEC9C7184BB6C9002AC8D0 /* NSData+GZip.h */,
				84AEC9C8184BB6C9002AC8D0 /* NSData+GZip.m */,
				84A0D21F16E2724F0010D80D /* NSObject+PlistTransforming.h */,
				84A0D22016E2724F0010D80D /* NSObject+PlistTransforming.m */,
			);
			name = "Foundation Additions";
			sourceTree = "<group>";
		};
		84AECAFD184BCAC9002AC8D0 /* Core Data */ = {
			isa = PBXGroup;
			children = (
				84A0D20A16E2724F0010D80D /* BACoreDataManager.h */,
				84A0D20B16E2724F0010D80D /* BACoreDataManager.m */,
				84A0D20D16E2724F0010D80D /* BARelationshipProxy.h */,
				84A0D20E16E2724F0010D80D /* BARelationshipProxy.m */,
				84A0D21B16E2724F0010D80D /* NSManagedObject+BAAdditions.h */,
				84A0D21C16E2724F0010D80D /* NSManagedObject+BAAdditions.m */,
				84A0D21D16E2724F0010D80D /* NSManagedObjectContext+BAAdditions.h */,
				84A0D21E16E2724F0010D80D /* NSManagedObjectContext+BAAdditions.m */,
				84F11FED190617C20035E15C /* NSEntityDescription+BAAdditions.h */,
				84F11FEE190617C20035E15C /* NSEntityDescription+BAAdditions.m */,
			);
			name = "Core Data";
			sourceTree = "<group>";
		};
		84AECAFE184BCAEA002AC8D0 /* Sample Arrays */ = {
			isa = PBXGroup;
			children = (
				B6AAB6DA14C21BC20007A0A4 /* BABitArray.h */,
				B6AAB6DB14C21BC20007A0A4 /* BABitArray.m */,
				84A0D20F16E2724F0010D80D /* BASampleArray.h */,
				84A0D21016E2724F0010D80D /* BASampleArray.m */,
				84AEC9C2184BB6C9002AC8D0 /* BASparseArray.h */,
				84AEC9C3184BB6C9002AC8D0 /* BASparseArray.m */,
				84AEC9C4184BB6C9002AC8D0 /* BASparseArrayPrivate.h */,
				84A0D21116E2724F0010D80D /* BASparseBitArray.h */,
				84A0D21216E2724F0010D80D /* BASparseBitArray.m */,
				84AEC9C5184BB6C9002AC8D0 /* BASparseSampleArray.h */,
				84AEC9C6184BB6C9002AC8D0 /* BASparseSampleArray.m */,
			);
			name = "Sample Arrays";
			sourceTree = "<group>";
		};
		84AECAFF184BCAF8002AC8D0 /* Noise */ = {
			isa = PBXGroup;
			children = (
				84AEC9C0184BB6C9002AC8D0 /* BANoise.h */,
				84AEC9C1184BB6C9002AC8D0 /* BANoise.m */,
				B6AAB6DE14C21BC20007A0A4 /* BANoiseMaker.h */,
				B6AAB6DF14C21BC20007A0A4 /* BANoiseMaker.m */,
			);
			name = Noise;
			sourceTree = "<group>";
		};
		84BD6A6E1B80DECF005C658F /* Introspection */ = {
			isa = PBXGroup;
			children = (
				84BD6A6F1B80DEE6005C658F /* NSObject+BAIntrospection.h */,
				84BD6A701B80DEE6005C658F /* NSObject+BAIntrospection.m */,
			);
			name = Introspection;
			sourceTree = "<group>";
		};
		B6AAB6BF14C21B9A0007A0A4 = {
			isa = PBXGroup;
			children = (
				B6AAB6CF14C21B9A0007A0A4 /* BAFoundation */,
				B6AAB6CC14C21B9A0007A0A4 /* Frameworks */,
				B6AAB6CB14C21B9A0007A0A4 /* Products */,
			);
			sourceTree = "<group>";
			usesTabs = 0;
		};
		B6AAB6CB14C21B9A0007A0A4 /* Products */ = {
			isa = PBXGroup;
			children = (
				B6AAB6CA14C21B9A0007A0A4 /* libBAFoundation.a */,
			);
			name = Products;
			sourceTree = "<group>";
		};
		B6AAB6CC14C21B9A0007A0A4 /* Frameworks */ = {
			isa = PBXGroup;
			children = (
				B6AAB6CD14C21B9A0007A0A4 /* Foundation.framework */,
				84A0D23816E2728A0010D80D /* UIKit.framework */,
			);
			name = Frameworks;
			sourceTree = "<group>";
		};
		B6AAB6CF14C21B9A0007A0A4 /* BAFoundation */ = {
			isa = PBXGroup;
			children = (
				84BD6A6E1B80DECF005C658F /* Introspection */,
				84F246E61ADF3B7100D3C499 /* BABitArray+Rectangles.h */,
				84F246E71ADF3B7100D3C499 /* BABitArray+Rectangles.m */,
				84F246E81ADF3B7100D3C499 /* BATypes.h */,
				84AECAE7184BC080002AC8D0 /* BAFunctions.h */,
				84A0D20C16E2724F0010D80D /* BAMacros.h */,
				84AECAFD184BCAC9002AC8D0 /* Core Data */,
				B6AAB6DC14C21BC20007A0A4 /* BAGraphNode.h */,
				B6AAB6DD14C21BC20007A0A4 /* BAGraphNode.m */,
				84AECAFF184BCAF8002AC8D0 /* Noise */,
				84AECAFE184BCAEA002AC8D0 /* Sample Arrays */,
				B6AAB6E014C21BC20007A0A4 /* BATextIOHandler.h */,
				B6AAB6E114C21BC20007A0A4 /* BATextIOHandler.m */,
				84A0D21316E2724F0010D80D /* BAUUID.h */,
				84A0D21416E2724F0010D80D /* BAUUID.m */,
				84AECAFB184BCAA7002AC8D0 /* Transformers */,
				84AECAFC184BCAB5002AC8D0 /* Foundation Additions */,
				B6AAB6D014C21B9A0007A0A4 /* Supporting Files */,
			);
			name = BAFoundation;
			path = ../BAFoundation;
			sourceTree = "<group>";
		};
		B6AAB6D014C21B9A0007A0A4 /* Supporting Files */ = {
			isa = PBXGroup;
			children = (
				B6AAB6D114C21B9A0007A0A4 /* BAFoundation-Prefix.pch */,
			);
			name = "Supporting Files";
			sourceTree = "<group>";
		};
/* End PBXGroup section */

/* Begin PBXNativeTarget section */
		B6AAB6C914C21B9A0007A0A4 /* BAFoundation */ = {
			isa = PBXNativeTarget;
			buildConfigurationList = B6AAB6D714C21B9A0007A0A4 /* Build configuration list for PBXNativeTarget "BAFoundation" */;
			buildPhases = (
				84AECAD1184BBBCE002AC8D0 /* CopyFiles */,
				B6AAB6C614C21B9A0007A0A4 /* Sources */,
				B6AAB6C714C21B9A0007A0A4 /* Frameworks */,
			);
			buildRules = (
			);
			dependencies = (
			);
			name = BAFoundation;
			productName = BAFoundation;
			productReference = B6AAB6CA14C21B9A0007A0A4 /* libBAFoundation.a */;
			productType = "com.apple.product-type.library.static";
		};
/* End PBXNativeTarget section */

/* Begin PBXProject section */
		B6AAB6C114C21B9A0007A0A4 /* Project object */ = {
			isa = PBXProject;
			attributes = {
				CLASSPREFIX = BA;
				LastUpgradeCheck = 0700;
				ORGANIZATIONNAME = "Bored Astronaut";
			};
			buildConfigurationList = B6AAB6C414C21B9A0007A0A4 /* Build configuration list for PBXProject "BAFoundation" */;
			compatibilityVersion = "Xcode 3.2";
			developmentRegion = English;
			hasScannedForEncodings = 0;
			knownRegions = (
				en,
			);
			mainGroup = B6AAB6BF14C21B9A0007A0A4;
			productRefGroup = B6AAB6CB14C21B9A0007A0A4 /* Products */;
			projectDirPath = "";
			projectRoot = "";
			targets = (
				B6AAB6C914C21B9A0007A0A4 /* BAFoundation */,
			);
		};
/* End PBXProject section */

/* Begin PBXSourcesBuildPhase section */
		B6AAB6C614C21B9A0007A0A4 /* Sources */ = {
			isa = PBXSourcesBuildPhase;
			buildActionMask = 2147483647;
			files = (
				B6AAB6E314C21BC20007A0A4 /* BABitArray.m in Sources */,
				B6AAB6E514C21BC20007A0A4 /* BAGraphNode.m in Sources */,
				84AEC9D1184BB6C9002AC8D0 /* NSData+GZip.m in Sources */,
				B6AAB6E714C21BC20007A0A4 /* BANoiseMaker.m in Sources */,
				84F246E91ADF3B7100D3C499 /* BABitArray+Rectangles.m in Sources */,
				B6AAB6E914C21BC20007A0A4 /* BATextIOHandler.m in Sources */,
				84A0D22216E2724F0010D80D /* BACoreDataManager.m in Sources */,
				84AEC9CA184BB6C9002AC8D0 /* BANoise.m in Sources */,
				84AEC9CF184BB6C9002AC8D0 /* BASparseSampleArray.m in Sources */,
				84A0D22516E2724F0010D80D /* BARelationshipProxy.m in Sources */,
				84F11FEF190617C20035E15C /* NSEntityDescription+BAAdditions.m in Sources */,
				84A0D22716E2724F0010D80D /* BASampleArray.m in Sources */,
				84A0D22916E2724F0010D80D /* BASparseBitArray.m in Sources */,
				84AEC9CC184BB6C9002AC8D0 /* BASparseArray.m in Sources */,
				84A0D22B16E2724F0010D80D /* BAUUID.m in Sources */,
				84A0D22D16E2724F0010D80D /* DateTransformer.m in Sources */,
				84A0D22F16E2724F0010D80D /* FloatNumberTransformer.m in Sources */,
				84A0D23116E2724F0010D80D /* IntegerNumberTransformer.m in Sources */,
				84A0D23316E2724F0010D80D /* NSManagedObject+BAAdditions.m in Sources */,
				84A0D23516E2724F0010D80D /* NSManagedObjectContext+BAAdditions.m in Sources */,
				84BD6A711B80DEE6005C658F /* NSObject+BAIntrospection.m in Sources */,
				84A0D23716E2724F0010D80D /* NSObject+PlistTransforming.m in Sources */,
			);
			runOnlyForDeploymentPostprocessing = 0;
		};
/* End PBXSourcesBuildPhase section */

/* Begin XCBuildConfiguration section */
		B6AAB6D514C21B9A0007A0A4 /* Debug */ = {
			isa = XCBuildConfiguration;
			buildSettings = {
				ALWAYS_SEARCH_USER_PATHS = NO;
				CLANG_WARN_BOOL_CONVERSION = YES;
				CLANG_WARN_CONSTANT_CONVERSION = YES;
				CLANG_WARN_EMPTY_BODY = YES;
				CLANG_WARN_ENUM_CONVERSION = YES;
				CLANG_WARN_INT_CONVERSION = YES;
				CLANG_WARN__DUPLICATE_METHOD_MATCH = YES;
				COPY_PHASE_STRIP = NO;
				ENABLE_TESTABILITY = YES;
				GCC_C_LANGUAGE_STANDARD = gnu99;
				GCC_DYNAMIC_NO_PIC = NO;
				GCC_OPTIMIZATION_LEVEL = 0;
				GCC_PREPROCESSOR_DEFINITIONS = (
					"DEBUG=1",
					"$(inherited)",
				);
				GCC_SYMBOLS_PRIVATE_EXTERN = NO;
				GCC_WARN_64_TO_32_BIT_CONVERSION = YES;
				GCC_WARN_ABOUT_MISSING_PROTOTYPES = YES;
				GCC_WARN_ABOUT_RETURN_TYPE = YES;
				GCC_WARN_UNDECLARED_SELECTOR = YES;
				GCC_WARN_UNINITIALIZED_AUTOS = YES;
				GCC_WARN_UNUSED_FUNCTION = YES;
				GCC_WARN_UNUSED_VARIABLE = YES;
				IPHONEOS_DEPLOYMENT_TARGET = 5.0;
				ONLY_ACTIVE_ARCH = YES;
				SDKROOT = iphoneos;
			};
			name = Debug;
		};
		B6AAB6D614C21B9A0007A0A4 /* Release */ = {
			isa = XCBuildConfiguration;
			buildSettings = {
				ALWAYS_SEARCH_USER_PATHS = NO;
				CLANG_WARN_BOOL_CONVERSION = YES;
				CLANG_WARN_CONSTANT_CONVERSION = YES;
				CLANG_WARN_EMPTY_BODY = YES;
				CLANG_WARN_ENUM_CONVERSION = YES;
				CLANG_WARN_INT_CONVERSION = YES;
				CLANG_WARN__DUPLICATE_METHOD_MATCH = YES;
				COPY_PHASE_STRIP = YES;
				GCC_C_LANGUAGE_STANDARD = gnu99;
				GCC_WARN_64_TO_32_BIT_CONVERSION = YES;
				GCC_WARN_ABOUT_MISSING_PROTOTYPES = YES;
				GCC_WARN_ABOUT_RETURN_TYPE = YES;
				GCC_WARN_UNDECLARED_SELECTOR = YES;
				GCC_WARN_UNINITIALIZED_AUTOS = YES;
				GCC_WARN_UNUSED_FUNCTION = YES;
				GCC_WARN_UNUSED_VARIABLE = YES;
				IPHONEOS_DEPLOYMENT_TARGET = 5.0;
				SDKROOT = iphoneos;
			};
			name = Release;
		};
		B6AAB6D814C21B9A0007A0A4 /* Debug */ = {
			isa = XCBuildConfiguration;
			buildSettings = {
				ALWAYS_SEARCH_USER_PATHS = YES;
				DSTROOT = /tmp/BAFoundation.dst;
				GCC_PRECOMPILE_PREFIX_HEADER = YES;
				GCC_PREFIX_HEADER = "BAFoundation/BAFoundation-Prefix.pch";
				PRODUCT_NAME = "$(TARGET_NAME)";
				SKIP_INSTALL = YES;
			};
			name = Debug;
		};
		B6AAB6D914C21B9A0007A0A4 /* Release */ = {
			isa = XCBuildConfiguration;
			buildSettings = {
				ALWAYS_SEARCH_USER_PATHS = YES;
				DSTROOT = /tmp/BAFoundation.dst;
				GCC_PRECOMPILE_PREFIX_HEADER = YES;
				GCC_PREFIX_HEADER = "BAFoundation/BAFoundation-Prefix.pch";
				PRODUCT_NAME = "$(TARGET_NAME)";
				SKIP_INSTALL = YES;
			};
			name = Release;
		};
/* End XCBuildConfiguration section */

/* Begin XCConfigurationList section */
		B6AAB6C414C21B9A0007A0A4 /* Build configuration list for PBXProject "BAFoundation" */ = {
			isa = XCConfigurationList;
			buildConfigurations = (
				B6AAB6D514C21B9A0007A0A4 /* Debug */,
				B6AAB6D614C21B9A0007A0A4 /* Release */,
			);
			defaultConfigurationIsVisible = 0;
			defaultConfigurationName = Release;
		};
		B6AAB6D714C21B9A0007A0A4 /* Build configuration list for PBXNativeTarget "BAFoundation" */ = {
			isa = XCConfigurationList;
			buildConfigurations = (
				B6AAB6D814C21B9A0007A0A4 /* Debug */,
				B6AAB6D914C21B9A0007A0A4 /* Release */,
			);
			defaultConfigurationIsVisible = 0;
			defaultConfigurationName = Release;
		};
/* End XCConfigurationList section */
	};
	rootObject = B6AAB6C114C21B9A0007A0A4 /* Project object */;
}
