// !$*UTF8*$!
{
	archiveVersion = 1;
	classes = {
	};
	objectVersion = 46;
	objects = {

/* Begin PBXBuildFile section */
		4E4CC5191338D436007AD580 /* Foundation.framework in Frameworks */ = {isa = PBXBuildFile; fileRef = 0867D69BFE84028FC02AAC07 /* Foundation.framework */; };
		4E4CC51A1338D436007AD580 /* SenTestingKit.framework in Frameworks */ = {isa = PBXBuildFile; fileRef = 4E4CC4F91338D37C007AD580 /* SenTestingKit.framework */; };
		4E4CC5231338D6BA007AD580 /* BABitArrayTester.m in Sources */ = {isa = PBXBuildFile; fileRef = 4E4CC4F41338D2DC007AD580 /* BABitArrayTester.m */; };
		4E5CA8D81338D77F00F28C3C /* BAFoundation.framework in Frameworks */ = {isa = PBXBuildFile; fileRef = 8DC2EF5B0486A6940098B216 /* BAFoundation.framework */; };
		4E6B60981056B1E700027CCC /* Foundation.framework in Frameworks */ = {isa = PBXBuildFile; fileRef = 0867D69BFE84028FC02AAC07 /* Foundation.framework */; };
		4E792AB4133A2EF2003C9B3E /* BAGraphNode.m in Sources */ = {isa = PBXBuildFile; fileRef = 4EF2B51B104D60C9000C8EE2 /* BAGraphNode.m */; };
		4E792AB5133A2EF3003C9B3E /* BATextIOHandler.m in Sources */ = {isa = PBXBuildFile; fileRef = 4E98F9CF0F92E29B0085B8EC /* BATextIOHandler.m */; };
		4E792AC5133A3012003C9B3E /* libbaf.a in Frameworks */ = {isa = PBXBuildFile; fileRef = 4E792AAB133A2ECF003C9B3E /* libbaf.a */; };
		4E792ACD133A3041003C9B3E /* baft_main.m in Sources */ = {isa = PBXBuildFile; fileRef = 4E792ACC133A3041003C9B3E /* baft_main.m */; };
		4E792AE3133A306D003C9B3E /* Foundation.framework in Frameworks */ = {isa = PBXBuildFile; fileRef = 0867D69BFE84028FC02AAC07 /* Foundation.framework */; };
		4E792B06133A3195003C9B3E /* BAFT.m in Sources */ = {isa = PBXBuildFile; fileRef = 4E792B05133A3195003C9B3E /* BAFT.m */; };
		4E792B13133A32BB003C9B3E /* BABitArray.m in Sources */ = {isa = PBXBuildFile; fileRef = 4E870CF112F1090100017473 /* BABitArray.m */; };
		4E870CF212F1090100017473 /* BABitArray.h in Headers */ = {isa = PBXBuildFile; fileRef = 4E870CF012F1090100017473 /* BABitArray.h */; settings = {ATTRIBUTES = (Public, ); }; };
		4E870CF312F1090100017473 /* BABitArray.m in Sources */ = {isa = PBXBuildFile; fileRef = 4E870CF112F1090100017473 /* BABitArray.m */; };
		4E98F9D00F92E29B0085B8EC /* BATextIOHandler.h in Headers */ = {isa = PBXBuildFile; fileRef = 4E98F9CE0F92E29B0085B8EC /* BATextIOHandler.h */; settings = {ATTRIBUTES = (Public, ); }; };
		4E98F9D10F92E29B0085B8EC /* BATextIOHandler.m in Sources */ = {isa = PBXBuildFile; fileRef = 4E98F9CF0F92E29B0085B8EC /* BATextIOHandler.m */; };
		4EF2B51C104D60C9000C8EE2 /* BAGraphNode.h in Headers */ = {isa = PBXBuildFile; fileRef = 4EF2B51A104D60C9000C8EE2 /* BAGraphNode.h */; settings = {ATTRIBUTES = (Public, ); }; };
		4EF2B51D104D60C9000C8EE2 /* BAGraphNode.m in Sources */ = {isa = PBXBuildFile; fileRef = 4EF2B51B104D60C9000C8EE2 /* BAGraphNode.m */; };
		84058EE51A8852DC009E2D04 /* BABitArray+Rectangles.h in Headers */ = {isa = PBXBuildFile; fileRef = 84058EE31A8852DC009E2D04 /* BABitArray+Rectangles.h */; settings = {ATTRIBUTES = (Public, ); }; };
		84058EE71A8852DC009E2D04 /* BABitArray+Rectangles.m in Sources */ = {isa = PBXBuildFile; fileRef = 84058EE41A8852DC009E2D04 /* BABitArray+Rectangles.m */; };
		84058EE81A8852DC009E2D04 /* BABitArray+Rectangles.m in Sources */ = {isa = PBXBuildFile; fileRef = 84058EE41A8852DC009E2D04 /* BABitArray+Rectangles.m */; };
		841944EE1637322B0036C725 /* BASampleArray.h in Headers */ = {isa = PBXBuildFile; fileRef = 841944EC1637322B0036C725 /* BASampleArray.h */; settings = {ATTRIBUTES = (Public, ); }; };
		841944EF1637322B0036C725 /* BASampleArray.m in Sources */ = {isa = PBXBuildFile; fileRef = 841944ED1637322B0036C725 /* BASampleArray.m */; };
		84259104176784D700BED70D /* BARelationshipProxy.m in Sources */ = {isa = PBXBuildFile; fileRef = 84E61CDA1671553C00F796F8 /* BARelationshipProxy.m */; };
		84259105176784D700BED70D /* BASparseSampleArray.m in Sources */ = {isa = PBXBuildFile; fileRef = 84BBE64316E932F000AF371A /* BASparseSampleArray.m */; };
		842591061767850300BED70D /* BASampleArray.m in Sources */ = {isa = PBXBuildFile; fileRef = 841944ED1637322B0036C725 /* BASampleArray.m */; };
		842591071767850300BED70D /* BASparseArray.m in Sources */ = {isa = PBXBuildFile; fileRef = 84BBE64716E934C500AF371A /* BASparseArray.m */; };
		842591081767850300BED70D /* BASparseBitArray.m in Sources */ = {isa = PBXBuildFile; fileRef = 84A0D20516E271110010D80D /* BASparseBitArray.m */; };
		842C151915FD9BAC00D5AE05 /* NSManagedObject+BAAdditions.h in Headers */ = {isa = PBXBuildFile; fileRef = 842C151315FD9BAC00D5AE05 /* NSManagedObject+BAAdditions.h */; settings = {ATTRIBUTES = (Public, ); }; };
		842C151A15FD9BAC00D5AE05 /* NSManagedObject+BAAdditions.m in Sources */ = {isa = PBXBuildFile; fileRef = 842C151415FD9BAC00D5AE05 /* NSManagedObject+BAAdditions.m */; };
		842C151B15FD9BAC00D5AE05 /* NSManagedObjectContext+BAAdditions.h in Headers */ = {isa = PBXBuildFile; fileRef = 842C151515FD9BAC00D5AE05 /* NSManagedObjectContext+BAAdditions.h */; settings = {ATTRIBUTES = (Public, ); }; };
		842C151C15FD9BAC00D5AE05 /* NSManagedObjectContext+BAAdditions.m in Sources */ = {isa = PBXBuildFile; fileRef = 842C151615FD9BAC00D5AE05 /* NSManagedObjectContext+BAAdditions.m */; };
		842C151D15FD9BAC00D5AE05 /* NSObject+PlistTransforming.h in Headers */ = {isa = PBXBuildFile; fileRef = 842C151715FD9BAC00D5AE05 /* NSObject+PlistTransforming.h */; settings = {ATTRIBUTES = (Public, ); }; };
		842C151E15FD9BAC00D5AE05 /* NSObject+PlistTransforming.m in Sources */ = {isa = PBXBuildFile; fileRef = 842C151815FD9BAC00D5AE05 /* NSObject+PlistTransforming.m */; };
		842C152715FD9BC900D5AE05 /* BACoreDataManager.h in Headers */ = {isa = PBXBuildFile; fileRef = 842C151F15FD9BC900D5AE05 /* BACoreDataManager.h */; settings = {ATTRIBUTES = (Public, ); }; };
		842C152815FD9BC900D5AE05 /* BACoreDataManager.m in Sources */ = {isa = PBXBuildFile; fileRef = 842C152015FD9BC900D5AE05 /* BACoreDataManager.m */; };
		842C152915FD9BC900D5AE05 /* DateTransformer.h in Headers */ = {isa = PBXBuildFile; fileRef = 842C152115FD9BC900D5AE05 /* DateTransformer.h */; settings = {ATTRIBUTES = (Public, ); }; };
		842C152B15FD9BC900D5AE05 /* FloatNumberTransformer.h in Headers */ = {isa = PBXBuildFile; fileRef = 842C152315FD9BC900D5AE05 /* FloatNumberTransformer.h */; settings = {ATTRIBUTES = (Public, ); }; };
		842C152C15FD9BC900D5AE05 /* FloatNumberTransformer.m in Sources */ = {isa = PBXBuildFile; fileRef = 842C152415FD9BC900D5AE05 /* FloatNumberTransformer.m */; };
		842C152D15FD9BC900D5AE05 /* IntegerNumberTransformer.h in Headers */ = {isa = PBXBuildFile; fileRef = 842C152515FD9BC900D5AE05 /* IntegerNumberTransformer.h */; settings = {ATTRIBUTES = (Public, ); }; };
		842C152E15FD9BC900D5AE05 /* IntegerNumberTransformer.m in Sources */ = {isa = PBXBuildFile; fileRef = 842C152615FD9BC900D5AE05 /* IntegerNumberTransformer.m */; };
		842C153015FD9BE600D5AE05 /* CoreData.framework in Frameworks */ = {isa = PBXBuildFile; fileRef = 842C152F15FD9BE600D5AE05 /* CoreData.framework */; };
		842C154B15FDA19C00D5AE05 /* BAUUID.h in Headers */ = {isa = PBXBuildFile; fileRef = 842C154915FDA19C00D5AE05 /* BAUUID.h */; settings = {ATTRIBUTES = (Public, ); }; };
		842C154C15FDA19C00D5AE05 /* BAUUID.m in Sources */ = {isa = PBXBuildFile; fileRef = 842C154A15FDA19C00D5AE05 /* BAUUID.m */; };
		84357BA318381F8600664A68 /* BANoiseMakerTester.m in Sources */ = {isa = PBXBuildFile; fileRef = 84357BA218381F8600664A68 /* BANoiseMakerTester.m */; };
		848699461707AC0C00727A5D /* BAFunctions.h in Headers */ = {isa = PBXBuildFile; fileRef = 8428532E16F3A4BE00BD7A71 /* BAFunctions.h */; settings = {ATTRIBUTES = (Public, ); }; };
		8486D1081600F3810065DEFF /* BACoreDataManager.m in Sources */ = {isa = PBXBuildFile; fileRef = 842C152015FD9BC900D5AE05 /* BACoreDataManager.m */; };
		8486D1091600F3810065DEFF /* BANoiseMaker.m in Sources */ = {isa = PBXBuildFile; fileRef = B6F030FE14300C9C0087940B /* BANoiseMaker.m */; };
		8486D10A1600F3810065DEFF /* BAUUID.m in Sources */ = {isa = PBXBuildFile; fileRef = 842C154A15FDA19C00D5AE05 /* BAUUID.m */; };
		8486D10C1600F3810065DEFF /* FloatNumberTransformer.m in Sources */ = {isa = PBXBuildFile; fileRef = 842C152415FD9BC900D5AE05 /* FloatNumberTransformer.m */; };
		8486D10D1600F3810065DEFF /* IntegerNumberTransformer.m in Sources */ = {isa = PBXBuildFile; fileRef = 842C152615FD9BC900D5AE05 /* IntegerNumberTransformer.m */; };
		8486D10E1600F3810065DEFF /* NSManagedObject+BAAdditions.m in Sources */ = {isa = PBXBuildFile; fileRef = 842C151415FD9BAC00D5AE05 /* NSManagedObject+BAAdditions.m */; };
		8486D10F1600F3810065DEFF /* NSManagedObjectContext+BAAdditions.m in Sources */ = {isa = PBXBuildFile; fileRef = 842C151615FD9BAC00D5AE05 /* NSManagedObjectContext+BAAdditions.m */; };
		8486D1101600F3810065DEFF /* NSObject+PlistTransforming.m in Sources */ = {isa = PBXBuildFile; fileRef = 842C151815FD9BAC00D5AE05 /* NSObject+PlistTransforming.m */; };
		8486D1121600F39A0065DEFF /* CoreData.framework in Frameworks */ = {isa = PBXBuildFile; fileRef = 842C152F15FD9BE600D5AE05 /* CoreData.framework */; };
		84A0D20616E271110010D80D /* BASparseBitArray.h in Headers */ = {isa = PBXBuildFile; fileRef = 84A0D20416E271110010D80D /* BASparseBitArray.h */; settings = {ATTRIBUTES = (Public, ); }; };
		84A0D20716E271110010D80D /* BASparseBitArray.m in Sources */ = {isa = PBXBuildFile; fileRef = 84A0D20516E271110010D80D /* BASparseBitArray.m */; };
		84A0D20916E271380010D80D /* BAMacros.h in Headers */ = {isa = PBXBuildFile; fileRef = 84A0D20816E271380010D80D /* BAMacros.h */; settings = {ATTRIBUTES = (Public, ); }; };
		84A0D25E16E27E270010D80D /* SparseBitArrayTest2D.m in Sources */ = {isa = PBXBuildFile; fileRef = 84A0D25916E27E270010D80D /* SparseBitArrayTest2D.m */; };
		84A0D25F16E27E270010D80D /* SparseBitArrayTest3D.m in Sources */ = {isa = PBXBuildFile; fileRef = 84A0D25B16E27E270010D80D /* SparseBitArrayTest3D.m */; };
		84A0D26016E27E270010D80D /* SparseBitArrayTestBasic.m in Sources */ = {isa = PBXBuildFile; fileRef = 84A0D25D16E27E270010D80D /* SparseBitArrayTestBasic.m */; };
		84AECAF6184BC9FA002AC8D0 /* DateTransformer.m in Sources */ = {isa = PBXBuildFile; fileRef = 842C152215FD9BC900D5AE05 /* DateTransformer.m */; };
		84AECAF7184BC9FB002AC8D0 /* DateTransformer.m in Sources */ = {isa = PBXBuildFile; fileRef = 842C152215FD9BC900D5AE05 /* DateTransformer.m */; };
		84BBE63C16E8E35800AF371A /* NSData+GZip.h in Headers */ = {isa = PBXBuildFile; fileRef = 84BBE63A16E8E35800AF371A /* NSData+GZip.h */; settings = {ATTRIBUTES = (Public, ); }; };
		84BBE63D16E8E35800AF371A /* NSData+GZip.h in Headers */ = {isa = PBXBuildFile; fileRef = 84BBE63A16E8E35800AF371A /* NSData+GZip.h */; };
		84BBE63E16E8E35800AF371A /* NSData+GZip.m in Sources */ = {isa = PBXBuildFile; fileRef = 84BBE63B16E8E35800AF371A /* NSData+GZip.m */; };
		84BBE63F16E8E35800AF371A /* NSData+GZip.m in Sources */ = {isa = PBXBuildFile; fileRef = 84BBE63B16E8E35800AF371A /* NSData+GZip.m */; };
		84BBE64116E8EDBD00AF371A /* libz.dylib in Frameworks */ = {isa = PBXBuildFile; fileRef = 84BBE64016E8EDBD00AF371A /* libz.dylib */; };
		84BBE64416E932F000AF371A /* BASparseSampleArray.h in Headers */ = {isa = PBXBuildFile; fileRef = 84BBE64216E932F000AF371A /* BASparseSampleArray.h */; settings = {ATTRIBUTES = (Public, ); }; };
		84BBE64516E932F000AF371A /* BASparseSampleArray.m in Sources */ = {isa = PBXBuildFile; fileRef = 84BBE64316E932F000AF371A /* BASparseSampleArray.m */; };
		84BBE64816E934C500AF371A /* BASparseArray.h in Headers */ = {isa = PBXBuildFile; fileRef = 84BBE64616E934C500AF371A /* BASparseArray.h */; settings = {ATTRIBUTES = (Public, ); }; };
		84BBE64916E934C500AF371A /* BASparseArray.m in Sources */ = {isa = PBXBuildFile; fileRef = 84BBE64716E934C500AF371A /* BASparseArray.m */; };
		84C1E65C1944DCDE00D7FF53 /* NSEntityDescription+BAAdditions.h in Headers */ = {isa = PBXBuildFile; fileRef = 84C1E65A1944DCDE00D7FF53 /* NSEntityDescription+BAAdditions.h */; settings = {ATTRIBUTES = (Public, ); }; };
		84C1E65D1944DCDE00D7FF53 /* NSEntityDescription+BAAdditions.m in Sources */ = {isa = PBXBuildFile; fileRef = 84C1E65B1944DCDE00D7FF53 /* NSEntityDescription+BAAdditions.m */; };
		84E61CDB1671553C00F796F8 /* BARelationshipProxy.h in Headers */ = {isa = PBXBuildFile; fileRef = 84E61CD91671553C00F796F8 /* BARelationshipProxy.h */; settings = {ATTRIBUTES = (Public, ); }; };
		84E61CDC1671553C00F796F8 /* BARelationshipProxy.m in Sources */ = {isa = PBXBuildFile; fileRef = 84E61CDA1671553C00F796F8 /* BARelationshipProxy.m */; };
		84F246431ADCB03300D3C499 /* BATypes.h in Headers */ = {isa = PBXBuildFile; fileRef = 84F246411ADCAFB400D3C499 /* BATypes.h */; settings = {ATTRIBUTES = (Public, ); }; };
		84F246451ADD2B5100D3C499 /* BARegion2Test.m in Sources */ = {isa = PBXBuildFile; fileRef = 84F246441ADD2B5100D3C499 /* BARegion2Test.m */; };
		84F9A3F21851A28B004E31E4 /* ApplicationServices.framework in Frameworks */ = {isa = PBXBuildFile; fileRef = 84F9A3F11851A28B004E31E4 /* ApplicationServices.framework */; };
		84F9A3F31851A298004E31E4 /* ApplicationServices.framework in Frameworks */ = {isa = PBXBuildFile; fileRef = 84F9A3F11851A28B004E31E4 /* ApplicationServices.framework */; };
		84F9EE8517909D83005B6DD1 /* BANoise.h in Headers */ = {isa = PBXBuildFile; fileRef = 84F9EE8317909D5A005B6DD1 /* BANoise.h */; settings = {ATTRIBUTES = (Public, ); }; };
		84F9EE8617909D83005B6DD1 /* BANoise.m in Sources */ = {isa = PBXBuildFile; fileRef = 84F9EE8417909D5A005B6DD1 /* BANoise.m */; };
		84F9EE8717909D87005B6DD1 /* BANoise.m in Sources */ = {isa = PBXBuildFile; fileRef = 84F9EE8417909D5A005B6DD1 /* BANoise.m */; };
		84FCF0781B0225A3009B00B3 /* BAFoundation.h in Headers */ = {isa = PBXBuildFile; fileRef = 84FCF0771B0225A0009B00B3 /* BAFoundation.h */; settings = {ATTRIBUTES = (Public, ); }; };
		8DC2EF530486A6940098B216 /* InfoPlist.strings in Resources */ = {isa = PBXBuildFile; fileRef = 089C1666FE841158C02AAC07 /* InfoPlist.strings */; };
		B6F030FF14300C9C0087940B /* BANoiseMaker.h in Headers */ = {isa = PBXBuildFile; fileRef = B6F030FD14300C9C0087940B /* BANoiseMaker.h */; settings = {ATTRIBUTES = (Public, ); }; };
		B6F0310014300C9C0087940B /* BANoiseMaker.m in Sources */ = {isa = PBXBuildFile; fileRef = B6F030FE14300C9C0087940B /* BANoiseMaker.m */; };
/* End PBXBuildFile section */

/* Begin PBXContainerItemProxy section */
		4E4CC5161338D431007AD580 /* PBXContainerItemProxy */ = {
			isa = PBXContainerItemProxy;
			containerPortal = 0867D690FE84028FC02AAC07 /* Project object */;
			proxyType = 1;
			remoteGlobalIDString = 8DC2EF4F0486A6940098B216;
			remoteInfo = BAFoundation;
		};
		4E792AC3133A2FA6003C9B3E /* PBXContainerItemProxy */ = {
			isa = PBXContainerItemProxy;
			containerPortal = 0867D690FE84028FC02AAC07 /* Project object */;
			proxyType = 1;
			remoteGlobalIDString = 4E792AAA133A2ECF003C9B3E;
			remoteInfo = baf;
		};
		8486D0D81600EFDC0065DEFF /* PBXContainerItemProxy */ = {
			isa = PBXContainerItemProxy;
			containerPortal = 0867D690FE84028FC02AAC07 /* Project object */;
			proxyType = 1;
			remoteGlobalIDString = 4E792AAA133A2ECF003C9B3E;
			remoteInfo = baf;
		};
/* End PBXContainerItemProxy section */

/* Begin PBXFileReference section */
		0867D69BFE84028FC02AAC07 /* Foundation.framework */ = {isa = PBXFileReference; lastKnownFileType = wrapper.framework; name = Foundation.framework; path = /System/Library/Frameworks/Foundation.framework; sourceTree = "<absolute>"; };
		089C1667FE841158C02AAC07 /* English */ = {isa = PBXFileReference; fileEncoding = 10; lastKnownFileType = text.plist.strings; name = English; path = English.lproj/InfoPlist.strings; sourceTree = "<group>"; };
		32DBCF5E0370ADEE00C91783 /* BAFoundation_Prefix.pch */ = {isa = PBXFileReference; fileEncoding = 4; lastKnownFileType = sourcecode.c.h; path = BAFoundation_Prefix.pch; sourceTree = "<group>"; };
		4E4CC4A51338D0F2007AD580 /* BAFoundationTests.octest */ = {isa = PBXFileReference; explicitFileType = wrapper.cfbundle; includeInIndex = 0; path = BAFoundationTests.octest; sourceTree = BUILT_PRODUCTS_DIR; };
		4E4CC4A61338D0F2007AD580 /* BAFoundationTests-Info.plist */ = {isa = PBXFileReference; lastKnownFileType = text.plist.xml; path = "BAFoundationTests-Info.plist"; sourceTree = "<group>"; };
		4E4CC4F31338D2DC007AD580 /* BABitArrayTester.h */ = {isa = PBXFileReference; fileEncoding = 4; lastKnownFileType = sourcecode.c.h; path = BABitArrayTester.h; sourceTree = "<group>"; };
		4E4CC4F41338D2DC007AD580 /* BABitArrayTester.m */ = {isa = PBXFileReference; fileEncoding = 4; lastKnownFileType = sourcecode.c.objc; path = BABitArrayTester.m; sourceTree = "<group>"; };
		4E4CC4F91338D37C007AD580 /* SenTestingKit.framework */ = {isa = PBXFileReference; lastKnownFileType = wrapper.framework; name = SenTestingKit.framework; path = Library/Frameworks/SenTestingKit.framework; sourceTree = DEVELOPER_DIR; };
		4E792A92133A2E82003C9B3E /* baft */ = {isa = PBXFileReference; explicitFileType = "compiled.mach-o.executable"; includeInIndex = 0; path = baft; sourceTree = BUILT_PRODUCTS_DIR; };
		4E792AAB133A2ECF003C9B3E /* libbaf.a */ = {isa = PBXFileReference; explicitFileType = archive.ar; includeInIndex = 0; path = libbaf.a; sourceTree = BUILT_PRODUCTS_DIR; };
		4E792ACC133A3041003C9B3E /* baft_main.m */ = {isa = PBXFileReference; explicitFileType = sourcecode.c.objc; fileEncoding = 4; path = baft_main.m; sourceTree = "<group>"; };
		4E792B04133A3195003C9B3E /* BAFT.h */ = {isa = PBXFileReference; fileEncoding = 4; lastKnownFileType = sourcecode.c.h; path = BAFT.h; sourceTree = "<group>"; };
		4E792B05133A3195003C9B3E /* BAFT.m */ = {isa = PBXFileReference; fileEncoding = 4; lastKnownFileType = sourcecode.c.objc; path = BAFT.m; sourceTree = "<group>"; };
		4E870CF012F1090100017473 /* BABitArray.h */ = {isa = PBXFileReference; fileEncoding = 4; lastKnownFileType = sourcecode.c.h; path = BABitArray.h; sourceTree = "<group>"; };
		4E870CF112F1090100017473 /* BABitArray.m */ = {isa = PBXFileReference; fileEncoding = 4; lastKnownFileType = sourcecode.c.objc; lineEnding = 0; path = BABitArray.m; sourceTree = "<group>"; xcLanguageSpecificationIdentifier = xcode.lang.objc; };
		4E98F9CE0F92E29B0085B8EC /* BATextIOHandler.h */ = {isa = PBXFileReference; fileEncoding = 4; lastKnownFileType = sourcecode.c.h; path = BATextIOHandler.h; sourceTree = "<group>"; };
		4E98F9CF0F92E29B0085B8EC /* BATextIOHandler.m */ = {isa = PBXFileReference; fileEncoding = 4; lastKnownFileType = sourcecode.c.objc; lineEnding = 0; path = BATextIOHandler.m; sourceTree = "<group>"; xcLanguageSpecificationIdentifier = xcode.lang.objc; };
		4EF2B51A104D60C9000C8EE2 /* BAGraphNode.h */ = {isa = PBXFileReference; fileEncoding = 4; lastKnownFileType = sourcecode.c.h; path = BAGraphNode.h; sourceTree = "<group>"; };
		4EF2B51B104D60C9000C8EE2 /* BAGraphNode.m */ = {isa = PBXFileReference; fileEncoding = 4; lastKnownFileType = sourcecode.c.objc; lineEnding = 0; path = BAGraphNode.m; sourceTree = "<group>"; xcLanguageSpecificationIdentifier = xcode.lang.objc; };
		84058EE31A8852DC009E2D04 /* BABitArray+Rectangles.h */ = {isa = PBXFileReference; fileEncoding = 4; lastKnownFileType = sourcecode.c.h; path = "BABitArray+Rectangles.h"; sourceTree = "<group>"; };
		84058EE41A8852DC009E2D04 /* BABitArray+Rectangles.m */ = {isa = PBXFileReference; fileEncoding = 4; lastKnownFileType = sourcecode.c.objc; path = "BABitArray+Rectangles.m"; sourceTree = "<group>"; };
		841944EC1637322B0036C725 /* BASampleArray.h */ = {isa = PBXFileReference; fileEncoding = 4; lastKnownFileType = sourcecode.c.h; path = BASampleArray.h; sourceTree = "<group>"; };
		841944ED1637322B0036C725 /* BASampleArray.m */ = {isa = PBXFileReference; fileEncoding = 4; lastKnownFileType = sourcecode.c.objc; lineEnding = 0; path = BASampleArray.m; sourceTree = "<group>"; xcLanguageSpecificationIdentifier = xcode.lang.objc; };
		8428532E16F3A4BE00BD7A71 /* BAFunctions.h */ = {isa = PBXFileReference; lastKnownFileType = sourcecode.c.h; path = BAFunctions.h; sourceTree = "<group>"; };
		842C151315FD9BAC00D5AE05 /* NSManagedObject+BAAdditions.h */ = {isa = PBXFileReference; fileEncoding = 4; lastKnownFileType = sourcecode.c.h; path = "NSManagedObject+BAAdditions.h"; sourceTree = "<group>"; };
		842C151415FD9BAC00D5AE05 /* NSManagedObject+BAAdditions.m */ = {isa = PBXFileReference; fileEncoding = 4; lastKnownFileType = sourcecode.c.objc; lineEnding = 0; path = "NSManagedObject+BAAdditions.m"; sourceTree = "<group>"; xcLanguageSpecificationIdentifier = xcode.lang.objc; };
		842C151515FD9BAC00D5AE05 /* NSManagedObjectContext+BAAdditions.h */ = {isa = PBXFileReference; fileEncoding = 4; lastKnownFileType = sourcecode.c.h; path = "NSManagedObjectContext+BAAdditions.h"; sourceTree = "<group>"; };
		842C151615FD9BAC00D5AE05 /* NSManagedObjectContext+BAAdditions.m */ = {isa = PBXFileReference; fileEncoding = 4; lastKnownFileType = sourcecode.c.objc; path = "NSManagedObjectContext+BAAdditions.m"; sourceTree = "<group>"; };
		842C151715FD9BAC00D5AE05 /* NSObject+PlistTransforming.h */ = {isa = PBXFileReference; fileEncoding = 4; lastKnownFileType = sourcecode.c.h; path = "NSObject+PlistTransforming.h"; sourceTree = "<group>"; };
		842C151815FD9BAC00D5AE05 /* NSObject+PlistTransforming.m */ = {isa = PBXFileReference; fileEncoding = 4; lastKnownFileType = sourcecode.c.objc; path = "NSObject+PlistTransforming.m"; sourceTree = "<group>"; };
		842C151F15FD9BC900D5AE05 /* BACoreDataManager.h */ = {isa = PBXFileReference; fileEncoding = 4; lastKnownFileType = sourcecode.c.h; path = BACoreDataManager.h; sourceTree = "<group>"; };
		842C152015FD9BC900D5AE05 /* BACoreDataManager.m */ = {isa = PBXFileReference; fileEncoding = 4; lastKnownFileType = sourcecode.c.objc; lineEnding = 0; path = BACoreDataManager.m; sourceTree = "<group>"; xcLanguageSpecificationIdentifier = xcode.lang.objc; };
		842C152115FD9BC900D5AE05 /* DateTransformer.h */ = {isa = PBXFileReference; fileEncoding = 4; lastKnownFileType = sourcecode.c.h; path = DateTransformer.h; sourceTree = "<group>"; };
		842C152215FD9BC900D5AE05 /* DateTransformer.m */ = {isa = PBXFileReference; fileEncoding = 4; lastKnownFileType = sourcecode.c.objc; path = DateTransformer.m; sourceTree = "<group>"; };
		842C152315FD9BC900D5AE05 /* FloatNumberTransformer.h */ = {isa = PBXFileReference; fileEncoding = 4; lastKnownFileType = sourcecode.c.h; path = FloatNumberTransformer.h; sourceTree = "<group>"; };
		842C152415FD9BC900D5AE05 /* FloatNumberTransformer.m */ = {isa = PBXFileReference; fileEncoding = 4; lastKnownFileType = sourcecode.c.objc; path = FloatNumberTransformer.m; sourceTree = "<group>"; };
		842C152515FD9BC900D5AE05 /* IntegerNumberTransformer.h */ = {isa = PBXFileReference; fileEncoding = 4; lastKnownFileType = sourcecode.c.h; path = IntegerNumberTransformer.h; sourceTree = "<group>"; };
		842C152615FD9BC900D5AE05 /* IntegerNumberTransformer.m */ = {isa = PBXFileReference; fileEncoding = 4; lastKnownFileType = sourcecode.c.objc; path = IntegerNumberTransformer.m; sourceTree = "<group>"; };
		842C152F15FD9BE600D5AE05 /* CoreData.framework */ = {isa = PBXFileReference; lastKnownFileType = wrapper.framework; name = CoreData.framework; path = System/Library/Frameworks/CoreData.framework; sourceTree = SDKROOT; };
		842C154915FDA19C00D5AE05 /* BAUUID.h */ = {isa = PBXFileReference; fileEncoding = 4; lastKnownFileType = sourcecode.c.h; path = BAUUID.h; sourceTree = "<group>"; };
		842C154A15FDA19C00D5AE05 /* BAUUID.m */ = {isa = PBXFileReference; fileEncoding = 4; lastKnownFileType = sourcecode.c.objc; lineEnding = 0; path = BAUUID.m; sourceTree = "<group>"; xcLanguageSpecificationIdentifier = xcode.lang.objc; };
		84357BA218381F8600664A68 /* BANoiseMakerTester.m */ = {isa = PBXFileReference; fileEncoding = 4; lastKnownFileType = sourcecode.c.objc; path = BANoiseMakerTester.m; sourceTree = "<group>"; };
		84A0D20416E271110010D80D /* BASparseBitArray.h */ = {isa = PBXFileReference; fileEncoding = 4; lastKnownFileType = sourcecode.c.h; path = BASparseBitArray.h; sourceTree = "<group>"; };
		84A0D20516E271110010D80D /* BASparseBitArray.m */ = {isa = PBXFileReference; fileEncoding = 4; lastKnownFileType = sourcecode.c.objc; lineEnding = 0; path = BASparseBitArray.m; sourceTree = "<group>"; xcLanguageSpecificationIdentifier = xcode.lang.objc; };
		84A0D20816E271380010D80D /* BAMacros.h */ = {isa = PBXFileReference; fileEncoding = 4; lastKnownFileType = sourcecode.c.h; path = BAMacros.h; sourceTree = "<group>"; };
		84A0D25816E27E270010D80D /* SparseBitArrayTest2D.h */ = {isa = PBXFileReference; fileEncoding = 4; lastKnownFileType = sourcecode.c.h; path = SparseBitArrayTest2D.h; sourceTree = "<group>"; };
		84A0D25916E27E270010D80D /* SparseBitArrayTest2D.m */ = {isa = PBXFileReference; fileEncoding = 4; lastKnownFileType = sourcecode.c.objc; path = SparseBitArrayTest2D.m; sourceTree = "<group>"; };
		84A0D25A16E27E270010D80D /* SparseBitArrayTest3D.h */ = {isa = PBXFileReference; fileEncoding = 4; lastKnownFileType = sourcecode.c.h; path = SparseBitArrayTest3D.h; sourceTree = "<group>"; };
		84A0D25B16E27E270010D80D /* SparseBitArrayTest3D.m */ = {isa = PBXFileReference; fileEncoding = 4; lastKnownFileType = sourcecode.c.objc; path = SparseBitArrayTest3D.m; sourceTree = "<group>"; };
		84A0D25C16E27E270010D80D /* SparseBitArrayTestBasic.h */ = {isa = PBXFileReference; fileEncoding = 4; lastKnownFileType = sourcecode.c.h; path = SparseBitArrayTestBasic.h; sourceTree = "<group>"; };
		84A0D25D16E27E270010D80D /* SparseBitArrayTestBasic.m */ = {isa = PBXFileReference; fileEncoding = 4; lastKnownFileType = sourcecode.c.objc; path = SparseBitArrayTestBasic.m; sourceTree = "<group>"; };
		84BBE63A16E8E35800AF371A /* NSData+GZip.h */ = {isa = PBXFileReference; fileEncoding = 4; lastKnownFileType = sourcecode.c.h; path = "NSData+GZip.h"; sourceTree = "<group>"; };
		84BBE63B16E8E35800AF371A /* NSData+GZip.m */ = {isa = PBXFileReference; fileEncoding = 4; lastKnownFileType = sourcecode.c.objc; path = "NSData+GZip.m"; sourceTree = "<group>"; };
		84BBE64016E8EDBD00AF371A /* libz.dylib */ = {isa = PBXFileReference; lastKnownFileType = "compiled.mach-o.dylib"; name = libz.dylib; path = /usr/lib/libz.dylib; sourceTree = "<absolute>"; };
		84BBE64216E932F000AF371A /* BASparseSampleArray.h */ = {isa = PBXFileReference; fileEncoding = 4; lastKnownFileType = sourcecode.c.h; path = BASparseSampleArray.h; sourceTree = "<group>"; };
		84BBE64316E932F000AF371A /* BASparseSampleArray.m */ = {isa = PBXFileReference; fileEncoding = 4; lastKnownFileType = sourcecode.c.objc; lineEnding = 0; path = BASparseSampleArray.m; sourceTree = "<group>"; xcLanguageSpecificationIdentifier = xcode.lang.objc; };
		84BBE64616E934C500AF371A /* BASparseArray.h */ = {isa = PBXFileReference; fileEncoding = 4; lastKnownFileType = sourcecode.c.h; path = BASparseArray.h; sourceTree = "<group>"; };
		84BBE64716E934C500AF371A /* BASparseArray.m */ = {isa = PBXFileReference; fileEncoding = 4; lastKnownFileType = sourcecode.c.objc; lineEnding = 0; path = BASparseArray.m; sourceTree = "<group>"; xcLanguageSpecificationIdentifier = xcode.lang.objc; };
		84BBE64A16E938FB00AF371A /* BASparseArrayPrivate.h */ = {isa = PBXFileReference; lastKnownFileType = sourcecode.c.h; path = BASparseArrayPrivate.h; sourceTree = "<group>"; };
		84C1E65A1944DCDE00D7FF53 /* NSEntityDescription+BAAdditions.h */ = {isa = PBXFileReference; fileEncoding = 4; lastKnownFileType = sourcecode.c.h; path = "NSEntityDescription+BAAdditions.h"; sourceTree = "<group>"; };
		84C1E65B1944DCDE00D7FF53 /* NSEntityDescription+BAAdditions.m */ = {isa = PBXFileReference; fileEncoding = 4; lastKnownFileType = sourcecode.c.objc; path = "NSEntityDescription+BAAdditions.m"; sourceTree = "<group>"; };
		84E61CD91671553C00F796F8 /* BARelationshipProxy.h */ = {isa = PBXFileReference; fileEncoding = 4; lastKnownFileType = sourcecode.c.h; path = BARelationshipProxy.h; sourceTree = "<group>"; };
		84E61CDA1671553C00F796F8 /* BARelationshipProxy.m */ = {isa = PBXFileReference; fileEncoding = 4; lastKnownFileType = sourcecode.c.objc; lineEnding = 0; path = BARelationshipProxy.m; sourceTree = "<group>"; xcLanguageSpecificationIdentifier = xcode.lang.objc; };
		84F246411ADCAFB400D3C499 /* BATypes.h */ = {isa = PBXFileReference; fileEncoding = 4; lastKnownFileType = sourcecode.c.h; path = BATypes.h; sourceTree = "<group>"; };
		84F246441ADD2B5100D3C499 /* BARegion2Test.m */ = {isa = PBXFileReference; fileEncoding = 4; lastKnownFileType = sourcecode.c.objc; path = BARegion2Test.m; sourceTree = "<group>"; };
		84F9A3F11851A28B004E31E4 /* ApplicationServices.framework */ = {isa = PBXFileReference; lastKnownFileType = wrapper.framework; name = ApplicationServices.framework; path = System/Library/Frameworks/ApplicationServices.framework; sourceTree = SDKROOT; };
		84F9EE8317909D5A005B6DD1 /* BANoise.h */ = {isa = PBXFileReference; lastKnownFileType = sourcecode.c.h; path = BANoise.h; sourceTree = "<group>"; };
		84F9EE8417909D5A005B6DD1 /* BANoise.m */ = {isa = PBXFileReference; lastKnownFileType = sourcecode.c.objc; lineEnding = 0; path = BANoise.m; sourceTree = "<group>"; xcLanguageSpecificationIdentifier = xcode.lang.objc; };
		84FCF0771B0225A0009B00B3 /* BAFoundation.h */ = {isa = PBXFileReference; lastKnownFileType = sourcecode.c.h; path = BAFoundation.h; sourceTree = "<group>"; };
		8DC2EF5A0486A6940098B216 /* Info.plist */ = {isa = PBXFileReference; fileEncoding = 4; lastKnownFileType = text.plist.xml; path = Info.plist; sourceTree = "<group>"; };
		8DC2EF5B0486A6940098B216 /* BAFoundation.framework */ = {isa = PBXFileReference; explicitFileType = wrapper.framework; includeInIndex = 0; path = BAFoundation.framework; sourceTree = BUILT_PRODUCTS_DIR; };
		B6F030FD14300C9C0087940B /* BANoiseMaker.h */ = {isa = PBXFileReference; fileEncoding = 4; lastKnownFileType = sourcecode.c.h; path = BANoiseMaker.h; sourceTree = "<group>"; };
		B6F030FE14300C9C0087940B /* BANoiseMaker.m */ = {isa = PBXFileReference; fileEncoding = 4; lastKnownFileType = sourcecode.c.objc; lineEnding = 0; path = BANoiseMaker.m; sourceTree = "<group>"; xcLanguageSpecificationIdentifier = xcode.lang.objc; };
/* End PBXFileReference section */

/* Begin PBXFrameworksBuildPhase section */
		4E4CC4A21338D0F2007AD580 /* Frameworks */ = {
			isa = PBXFrameworksBuildPhase;
			buildActionMask = 2147483647;
			files = (
				4E4CC5191338D436007AD580 /* Foundation.framework in Frameworks */,
				4E4CC51A1338D436007AD580 /* SenTestingKit.framework in Frameworks */,
				4E5CA8D81338D77F00F28C3C /* BAFoundation.framework in Frameworks */,
			);
			runOnlyForDeploymentPostprocessing = 0;
		};
		4E792A90133A2E82003C9B3E /* Frameworks */ = {
			isa = PBXFrameworksBuildPhase;
			buildActionMask = 2147483647;
			files = (
				4E792AC5133A3012003C9B3E /* libbaf.a in Frameworks */,
			);
			runOnlyForDeploymentPostprocessing = 0;
		};
		4E792AA9133A2ECF003C9B3E /* Frameworks */ = {
			isa = PBXFrameworksBuildPhase;
			buildActionMask = 2147483647;
			files = (
				8486D1121600F39A0065DEFF /* CoreData.framework in Frameworks */,
				84F9A3F31851A298004E31E4 /* ApplicationServices.framework in Frameworks */,
				4E792AE3133A306D003C9B3E /* Foundation.framework in Frameworks */,
			);
			runOnlyForDeploymentPostprocessing = 0;
		};
		8DC2EF560486A6940098B216 /* Frameworks */ = {
			isa = PBXFrameworksBuildPhase;
			buildActionMask = 2147483647;
			files = (
				84BBE64116E8EDBD00AF371A /* libz.dylib in Frameworks */,
				84F9A3F21851A28B004E31E4 /* ApplicationServices.framework in Frameworks */,
				842C153015FD9BE600D5AE05 /* CoreData.framework in Frameworks */,
				4E6B60981056B1E700027CCC /* Foundation.framework in Frameworks */,
			);
			runOnlyForDeploymentPostprocessing = 0;
		};
/* End PBXFrameworksBuildPhase section */

/* Begin PBXGroup section */
		034768DFFF38A50411DB9C8B /* Products */ = {
			isa = PBXGroup;
			children = (
				8DC2EF5B0486A6940098B216 /* BAFoundation.framework */,
				4E4CC4A51338D0F2007AD580 /* BAFoundationTests.octest */,
				4E792A92133A2E82003C9B3E /* baft */,
				4E792AAB133A2ECF003C9B3E /* libbaf.a */,
			);
			name = Products;
			sourceTree = "<group>";
		};
		0867D691FE84028FC02AAC07 /* BAFoundation */ = {
			isa = PBXGroup;
			children = (
				4E792B01133A3178003C9B3E /* baft */,
				4E4CC4F01338D2BA007AD580 /* Unit Tests */,
				08FB77AEFE84172EC02AAC07 /* BAFoundation */,
				0867D69AFE84028FC02AAC07 /* Dependencies */,
				034768DFFF38A50411DB9C8B /* Products */,
			);
			name = BAFoundation;
			sourceTree = "<group>";
		};
		0867D69AFE84028FC02AAC07 /* Dependencies */ = {
			isa = PBXGroup;
			children = (
				84F9A3F11851A28B004E31E4 /* ApplicationServices.framework */,
				4E4CC4F91338D37C007AD580 /* SenTestingKit.framework */,
				842C152F15FD9BE600D5AE05 /* CoreData.framework */,
				0867D69BFE84028FC02AAC07 /* Foundation.framework */,
				84BBE64016E8EDBD00AF371A /* libz.dylib */,
			);
			name = Dependencies;
			sourceTree = "<group>";
		};
		089C1665FE841158C02AAC07 /* Resources */ = {
			isa = PBXGroup;
			children = (
				8DC2EF5A0486A6940098B216 /* Info.plist */,
				089C1666FE841158C02AAC07 /* InfoPlist.strings */,
			);
			name = Resources;
			sourceTree = "<group>";
		};
		08FB77AEFE84172EC02AAC07 /* BAFoundation */ = {
			isa = PBXGroup;
			children = (
				84A0D26216E27E8A0010D80D /* Categories */,
				84A0D26116E27E480010D80D /* Classes */,
				32C88DFF0371C24200C91783 /* Other Sources */,
				089C1665FE841158C02AAC07 /* Resources */,
				84FCF0771B0225A0009B00B3 /* BAFoundation.h */,
			);
			path = BAFoundation;
			sourceTree = "<group>";
		};
		32C88DFF0371C24200C91783 /* Other Sources */ = {
			isa = PBXGroup;
			children = (
				8428532E16F3A4BE00BD7A71 /* BAFunctions.h */,
				84A0D20816E271380010D80D /* BAMacros.h */,
				84F246411ADCAFB400D3C499 /* BATypes.h */,
				32DBCF5E0370ADEE00C91783 /* BAFoundation_Prefix.pch */,
			);
			name = "Other Sources";
			sourceTree = "<group>";
		};
		4E4CC4F01338D2BA007AD580 /* Unit Tests */ = {
			isa = PBXGroup;
			children = (
				4E4CC4F31338D2DC007AD580 /* BABitArrayTester.h */,
				4E4CC4F41338D2DC007AD580 /* BABitArrayTester.m */,
				4E4CC4A61338D0F2007AD580 /* BAFoundationTests-Info.plist */,
				84A0D25816E27E270010D80D /* SparseBitArrayTest2D.h */,
				84A0D25916E27E270010D80D /* SparseBitArrayTest2D.m */,
				84A0D25A16E27E270010D80D /* SparseBitArrayTest3D.h */,
				84A0D25B16E27E270010D80D /* SparseBitArrayTest3D.m */,
				84A0D25C16E27E270010D80D /* SparseBitArrayTestBasic.h */,
				84A0D25D16E27E270010D80D /* SparseBitArrayTestBasic.m */,
				84357BA218381F8600664A68 /* BANoiseMakerTester.m */,
				84F246441ADD2B5100D3C499 /* BARegion2Test.m */,
			);
			name = "Unit Tests";
			path = BAFoundationTests;
			sourceTree = "<group>";
		};
		4E792B01133A3178003C9B3E /* baft */ = {
			isa = PBXGroup;
			children = (
				4E792ACC133A3041003C9B3E /* baft_main.m */,
				4E792B04133A3195003C9B3E /* BAFT.h */,
				4E792B05133A3195003C9B3E /* BAFT.m */,
			);
			path = baft;
			sourceTree = "<group>";
		};
		84A0D26116E27E480010D80D /* Classes */ = {
			isa = PBXGroup;
			children = (
				84AFE7C117970AF200A27C37 /* Core Data */,
				84AFE7C017970ACC00A27C37 /* Data Arrays */,
				84AFE7C317970B3B00A27C37 /* Noise */,
				84AFE7C217970B0200A27C37 /* Transformers */,
				84AFE7C417970B4E00A27C37 /* Various */,
			);
			name = Classes;
			sourceTree = "<group>";
		};
		84A0D26216E27E8A0010D80D /* Categories */ = {
			isa = PBXGroup;
			children = (
				84BBE63A16E8E35800AF371A /* NSData+GZip.h */,
				84BBE63B16E8E35800AF371A /* NSData+GZip.m */,
				84C1E65A1944DCDE00D7FF53 /* NSEntityDescription+BAAdditions.h */,
				84C1E65B1944DCDE00D7FF53 /* NSEntityDescription+BAAdditions.m */,
				842C151315FD9BAC00D5AE05 /* NSManagedObject+BAAdditions.h */,
				842C151415FD9BAC00D5AE05 /* NSManagedObject+BAAdditions.m */,
				842C151515FD9BAC00D5AE05 /* NSManagedObjectContext+BAAdditions.h */,
				842C151615FD9BAC00D5AE05 /* NSManagedObjectContext+BAAdditions.m */,
				842C151715FD9BAC00D5AE05 /* NSObject+PlistTransforming.h */,
				842C151815FD9BAC00D5AE05 /* NSObject+PlistTransforming.m */,
			);
			name = Categories;
			sourceTree = "<group>";
		};
		84AFE7C017970ACC00A27C37 /* Data Arrays */ = {
			isa = PBXGroup;
			children = (
				4E870CF012F1090100017473 /* BABitArray.h */,
				4E870CF112F1090100017473 /* BABitArray.m */,
				84058EE31A8852DC009E2D04 /* BABitArray+Rectangles.h */,
				84058EE41A8852DC009E2D04 /* BABitArray+Rectangles.m */,
				841944EC1637322B0036C725 /* BASampleArray.h */,
				841944ED1637322B0036C725 /* BASampleArray.m */,
				84BBE64616E934C500AF371A /* BASparseArray.h */,
				84BBE64716E934C500AF371A /* BASparseArray.m */,
				84BBE64A16E938FB00AF371A /* BASparseArrayPrivate.h */,
				84A0D20416E271110010D80D /* BASparseBitArray.h */,
				84A0D20516E271110010D80D /* BASparseBitArray.m */,
				84BBE64216E932F000AF371A /* BASparseSampleArray.h */,
				84BBE64316E932F000AF371A /* BASparseSampleArray.m */,
			);
			name = "Data Arrays";
			sourceTree = "<group>";
		};
		84AFE7C117970AF200A27C37 /* Core Data */ = {
			isa = PBXGroup;
			children = (
				842C151F15FD9BC900D5AE05 /* BACoreDataManager.h */,
				842C152015FD9BC900D5AE05 /* BACoreDataManager.m */,
				84E61CD91671553C00F796F8 /* BARelationshipProxy.h */,
				84E61CDA1671553C00F796F8 /* BARelationshipProxy.m */,
				842C154915FDA19C00D5AE05 /* BAUUID.h */,
				842C154A15FDA19C00D5AE05 /* BAUUID.m */,
			);
			name = "Core Data";
			sourceTree = "<group>";
		};
		84AFE7C217970B0200A27C37 /* Transformers */ = {
			isa = PBXGroup;
			children = (
				842C152115FD9BC900D5AE05 /* DateTransformer.h */,
				842C152215FD9BC900D5AE05 /* DateTransformer.m */,
				842C152315FD9BC900D5AE05 /* FloatNumberTransformer.h */,
				842C152415FD9BC900D5AE05 /* FloatNumberTransformer.m */,
				842C152515FD9BC900D5AE05 /* IntegerNumberTransformer.h */,
				842C152615FD9BC900D5AE05 /* IntegerNumberTransformer.m */,
			);
			name = Transformers;
			sourceTree = "<group>";
		};
		84AFE7C317970B3B00A27C37 /* Noise */ = {
			isa = PBXGroup;
			children = (
				B6F030FD14300C9C0087940B /* BANoiseMaker.h */,
				B6F030FE14300C9C0087940B /* BANoiseMaker.m */,
				84F9EE8317909D5A005B6DD1 /* BANoise.h */,
				84F9EE8417909D5A005B6DD1 /* BANoise.m */,
			);
			name = Noise;
			sourceTree = "<group>";
		};
		84AFE7C417970B4E00A27C37 /* Various */ = {
			isa = PBXGroup;
			children = (
				4EF2B51A104D60C9000C8EE2 /* BAGraphNode.h */,
				4EF2B51B104D60C9000C8EE2 /* BAGraphNode.m */,
				4E98F9CE0F92E29B0085B8EC /* BATextIOHandler.h */,
				4E98F9CF0F92E29B0085B8EC /* BATextIOHandler.m */,
			);
			name = Various;
			sourceTree = "<group>";
		};
/* End PBXGroup section */

/* Begin PBXHeadersBuildPhase section */
		4E792AA7133A2ECF003C9B3E /* Headers */ = {
			isa = PBXHeadersBuildPhase;
			buildActionMask = 2147483647;
			files = (
				84BBE63D16E8E35800AF371A /* NSData+GZip.h in Headers */,
			);
			runOnlyForDeploymentPostprocessing = 0;
		};
		8DC2EF500486A6940098B216 /* Headers */ = {
			isa = PBXHeadersBuildPhase;
			buildActionMask = 2147483647;
			files = (
				84FCF0781B0225A3009B00B3 /* BAFoundation.h in Headers */,
				84A0D20616E271110010D80D /* BASparseBitArray.h in Headers */,
				84A0D20916E271380010D80D /* BAMacros.h in Headers */,
				842C151915FD9BAC00D5AE05 /* NSManagedObject+BAAdditions.h in Headers */,
				842C151B15FD9BAC00D5AE05 /* NSManagedObjectContext+BAAdditions.h in Headers */,
				842C151D15FD9BAC00D5AE05 /* NSObject+PlistTransforming.h in Headers */,
				842C152715FD9BC900D5AE05 /* BACoreDataManager.h in Headers */,
				842C152915FD9BC900D5AE05 /* DateTransformer.h in Headers */,
				842C152B15FD9BC900D5AE05 /* FloatNumberTransformer.h in Headers */,
				84F9EE8517909D83005B6DD1 /* BANoise.h in Headers */,
				842C152D15FD9BC900D5AE05 /* IntegerNumberTransformer.h in Headers */,
				4E98F9D00F92E29B0085B8EC /* BATextIOHandler.h in Headers */,
				4EF2B51C104D60C9000C8EE2 /* BAGraphNode.h in Headers */,
				842C154B15FDA19C00D5AE05 /* BAUUID.h in Headers */,
				4E870CF212F1090100017473 /* BABitArray.h in Headers */,
				84C1E65C1944DCDE00D7FF53 /* NSEntityDescription+BAAdditions.h in Headers */,
				B6F030FF14300C9C0087940B /* BANoiseMaker.h in Headers */,
				841944EE1637322B0036C725 /* BASampleArray.h in Headers */,
				84E61CDB1671553C00F796F8 /* BARelationshipProxy.h in Headers */,
				84058EE51A8852DC009E2D04 /* BABitArray+Rectangles.h in Headers */,
				84BBE63C16E8E35800AF371A /* NSData+GZip.h in Headers */,
				84BBE64416E932F000AF371A /* BASparseSampleArray.h in Headers */,
				84BBE64816E934C500AF371A /* BASparseArray.h in Headers */,
				848699461707AC0C00727A5D /* BAFunctions.h in Headers */,
				84F246431ADCB03300D3C499 /* BATypes.h in Headers */,
			);
			runOnlyForDeploymentPostprocessing = 0;
		};
/* End PBXHeadersBuildPhase section */

/* Begin PBXNativeTarget section */
		4E4CC4A41338D0F2007AD580 /* BAFoundationTests */ = {
			isa = PBXNativeTarget;
			buildConfigurationList = 4E4CC4A91338D0F3007AD580 /* Build configuration list for PBXNativeTarget "BAFoundationTests" */;
			buildPhases = (
				4E4CC4A01338D0F2007AD580 /* Resources */,
				4E4CC4A11338D0F2007AD580 /* Sources */,
				4E4CC4A21338D0F2007AD580 /* Frameworks */,
				4E4CC4A31338D0F2007AD580 /* ShellScript */,
			);
			buildRules = (
			);
			dependencies = (
				4E4CC5171338D431007AD580 /* PBXTargetDependency */,
			);
			name = BAFoundationTests;
			productName = BAFoundationTests;
			productReference = 4E4CC4A51338D0F2007AD580 /* BAFoundationTests.octest */;
			productType = "com.apple.product-type.bundle.ocunit-test";
		};
		4E792A91133A2E82003C9B3E /* baft */ = {
			isa = PBXNativeTarget;
			buildConfigurationList = 4E792A98133A2EA0003C9B3E /* Build configuration list for PBXNativeTarget "baft" */;
			buildPhases = (
				4E792A8F133A2E82003C9B3E /* Sources */,
				4E792A90133A2E82003C9B3E /* Frameworks */,
			);
			buildRules = (
			);
			dependencies = (
				4E792AC4133A2FA6003C9B3E /* PBXTargetDependency */,
			);
			name = baft;
			productName = boredfound;
			productReference = 4E792A92133A2E82003C9B3E /* baft */;
			productType = "com.apple.product-type.tool";
		};
		4E792AAA133A2ECF003C9B3E /* baf */ = {
			isa = PBXNativeTarget;
			buildConfigurationList = 4E792AB6133A2F31003C9B3E /* Build configuration list for PBXNativeTarget "baf" */;
			buildPhases = (
				4E792AA7133A2ECF003C9B3E /* Headers */,
				4E792AA8133A2ECF003C9B3E /* Sources */,
				4E792AA9133A2ECF003C9B3E /* Frameworks */,
			);
			buildRules = (
			);
			dependencies = (
			);
			name = baf;
			productName = bafound;
			productReference = 4E792AAB133A2ECF003C9B3E /* libbaf.a */;
			productType = "com.apple.product-type.library.static";
		};
		8DC2EF4F0486A6940098B216 /* BAFoundation */ = {
			isa = PBXNativeTarget;
			buildConfigurationList = 1DEB91AD08733DA50010E9CD /* Build configuration list for PBXNativeTarget "BAFoundation" */;
			buildPhases = (
				8DC2EF500486A6940098B216 /* Headers */,
				8DC2EF520486A6940098B216 /* Resources */,
				8DC2EF540486A6940098B216 /* Sources */,
				8DC2EF560486A6940098B216 /* Frameworks */,
			);
			buildRules = (
			);
			dependencies = (
				8486D0D91600EFDC0065DEFF /* PBXTargetDependency */,
			);
			name = BAFoundation;
			productInstallPath = "$(HOME)/Library/Frameworks";
			productName = BAFoundation;
			productReference = 8DC2EF5B0486A6940098B216 /* BAFoundation.framework */;
			productType = "com.apple.product-type.framework";
		};
/* End PBXNativeTarget section */

/* Begin PBXProject section */
		0867D690FE84028FC02AAC07 /* Project object */ = {
			isa = PBXProject;
			attributes = {
				LastTestingUpgradeCheck = 0630;
				LastUpgradeCheck = 0630;
				ORGANIZATIONNAME = "Lichen Labs";
				TargetAttributes = {
					8DC2EF4F0486A6940098B216 = {
						DevelopmentTeam = UA9654EX3X;
					};
				};
			};
			buildConfigurationList = 1DEB91B108733DA50010E9CD /* Build configuration list for PBXProject "BAFoundation" */;
			compatibilityVersion = "Xcode 3.2";
			developmentRegion = English;
			hasScannedForEncodings = 1;
			knownRegions = (
				English,
				Japanese,
				French,
				German,
			);
			mainGroup = 0867D691FE84028FC02AAC07 /* BAFoundation */;
			productRefGroup = 034768DFFF38A50411DB9C8B /* Products */;
			projectDirPath = "";
			projectRoot = "";
			targets = (
				8DC2EF4F0486A6940098B216 /* BAFoundation */,
				4E4CC4A41338D0F2007AD580 /* BAFoundationTests */,
				4E792A91133A2E82003C9B3E /* baft */,
				4E792AAA133A2ECF003C9B3E /* baf */,
			);
		};
/* End PBXProject section */

/* Begin PBXResourcesBuildPhase section */
		4E4CC4A01338D0F2007AD580 /* Resources */ = {
			isa = PBXResourcesBuildPhase;
			buildActionMask = 2147483647;
			files = (
			);
			runOnlyForDeploymentPostprocessing = 0;
		};
		8DC2EF520486A6940098B216 /* Resources */ = {
			isa = PBXResourcesBuildPhase;
			buildActionMask = 2147483647;
			files = (
				8DC2EF530486A6940098B216 /* InfoPlist.strings in Resources */,
			);
			runOnlyForDeploymentPostprocessing = 0;
		};
/* End PBXResourcesBuildPhase section */

/* Begin PBXShellScriptBuildPhase section */
		4E4CC4A31338D0F2007AD580 /* ShellScript */ = {
			isa = PBXShellScriptBuildPhase;
			buildActionMask = 2147483647;
			files = (
			);
			inputPaths = (
			);
			outputPaths = (
			);
			runOnlyForDeploymentPostprocessing = 0;
			shellPath = /bin/sh;
			shellScript = "# Run the unit tests in this test bundle.\n\"${SYSTEM_DEVELOPER_DIR}/Tools/RunUnitTests\"\n";
		};
/* End PBXShellScriptBuildPhase section */

/* Begin PBXSourcesBuildPhase section */
		4E4CC4A11338D0F2007AD580 /* Sources */ = {
			isa = PBXSourcesBuildPhase;
			buildActionMask = 2147483647;
			files = (
				4E4CC5231338D6BA007AD580 /* BABitArrayTester.m in Sources */,
				84A0D25E16E27E270010D80D /* SparseBitArrayTest2D.m in Sources */,
				84A0D25F16E27E270010D80D /* SparseBitArrayTest3D.m in Sources */,
				84F246451ADD2B5100D3C499 /* BARegion2Test.m in Sources */,
				84A0D26016E27E270010D80D /* SparseBitArrayTestBasic.m in Sources */,
				84357BA318381F8600664A68 /* BANoiseMakerTester.m in Sources */,
			);
			runOnlyForDeploymentPostprocessing = 0;
		};
		4E792A8F133A2E82003C9B3E /* Sources */ = {
			isa = PBXSourcesBuildPhase;
			buildActionMask = 2147483647;
			files = (
				4E792ACD133A3041003C9B3E /* baft_main.m in Sources */,
				4E792B06133A3195003C9B3E /* BAFT.m in Sources */,
			);
			runOnlyForDeploymentPostprocessing = 0;
		};
		4E792AA8133A2ECF003C9B3E /* Sources */ = {
			isa = PBXSourcesBuildPhase;
			buildActionMask = 2147483647;
			files = (
				842591061767850300BED70D /* BASampleArray.m in Sources */,
				842591071767850300BED70D /* BASparseArray.m in Sources */,
				84AECAF7184BC9FB002AC8D0 /* DateTransformer.m in Sources */,
				842591081767850300BED70D /* BASparseBitArray.m in Sources */,
				84259104176784D700BED70D /* BARelationshipProxy.m in Sources */,
				84259105176784D700BED70D /* BASparseSampleArray.m in Sources */,
				8486D1081600F3810065DEFF /* BACoreDataManager.m in Sources */,
				8486D1091600F3810065DEFF /* BANoiseMaker.m in Sources */,
				8486D10A1600F3810065DEFF /* BAUUID.m in Sources */,
				8486D10C1600F3810065DEFF /* FloatNumberTransformer.m in Sources */,
				8486D10D1600F3810065DEFF /* IntegerNumberTransformer.m in Sources */,
				8486D10E1600F3810065DEFF /* NSManagedObject+BAAdditions.m in Sources */,
				8486D10F1600F3810065DEFF /* NSManagedObjectContext+BAAdditions.m in Sources */,
				8486D1101600F3810065DEFF /* NSObject+PlistTransforming.m in Sources */,
				4E792AB4133A2EF2003C9B3E /* BAGraphNode.m in Sources */,
				4E792AB5133A2EF3003C9B3E /* BATextIOHandler.m in Sources */,
				4E792B13133A32BB003C9B3E /* BABitArray.m in Sources */,
				84F9EE8717909D87005B6DD1 /* BANoise.m in Sources */,
				84058EE81A8852DC009E2D04 /* BABitArray+Rectangles.m in Sources */,
				84BBE63F16E8E35800AF371A /* NSData+GZip.m in Sources */,
			);
			runOnlyForDeploymentPostprocessing = 0;
		};
		8DC2EF540486A6940098B216 /* Sources */ = {
			isa = PBXSourcesBuildPhase;
			buildActionMask = 2147483647;
			files = (
				4E98F9D10F92E29B0085B8EC /* BATextIOHandler.m in Sources */,
				4EF2B51D104D60C9000C8EE2 /* BAGraphNode.m in Sources */,
				84AECAF6184BC9FA002AC8D0 /* DateTransformer.m in Sources */,
				4E870CF312F1090100017473 /* BABitArray.m in Sources */,
				84058EE71A8852DC009E2D04 /* BABitArray+Rectangles.m in Sources */,
				B6F0310014300C9C0087940B /* BANoiseMaker.m in Sources */,
				842C151A15FD9BAC00D5AE05 /* NSManagedObject+BAAdditions.m in Sources */,
				842C151C15FD9BAC00D5AE05 /* NSManagedObjectContext+BAAdditions.m in Sources */,
				842C151E15FD9BAC00D5AE05 /* NSObject+PlistTransforming.m in Sources */,
				842C152815FD9BC900D5AE05 /* BACoreDataManager.m in Sources */,
				84C1E65D1944DCDE00D7FF53 /* NSEntityDescription+BAAdditions.m in Sources */,
				842C152C15FD9BC900D5AE05 /* FloatNumberTransformer.m in Sources */,
				842C152E15FD9BC900D5AE05 /* IntegerNumberTransformer.m in Sources */,
				842C154C15FDA19C00D5AE05 /* BAUUID.m in Sources */,
				841944EF1637322B0036C725 /* BASampleArray.m in Sources */,
				84E61CDC1671553C00F796F8 /* BARelationshipProxy.m in Sources */,
				84A0D20716E271110010D80D /* BASparseBitArray.m in Sources */,
				84BBE63E16E8E35800AF371A /* NSData+GZip.m in Sources */,
				84BBE64516E932F000AF371A /* BASparseSampleArray.m in Sources */,
				84F9EE8617909D83005B6DD1 /* BANoise.m in Sources */,
				84BBE64916E934C500AF371A /* BASparseArray.m in Sources */,
			);
			runOnlyForDeploymentPostprocessing = 0;
		};
/* End PBXSourcesBuildPhase section */

/* Begin PBXTargetDependency section */
		4E4CC5171338D431007AD580 /* PBXTargetDependency */ = {
			isa = PBXTargetDependency;
			target = 8DC2EF4F0486A6940098B216 /* BAFoundation */;
			targetProxy = 4E4CC5161338D431007AD580 /* PBXContainerItemProxy */;
		};
		4E792AC4133A2FA6003C9B3E /* PBXTargetDependency */ = {
			isa = PBXTargetDependency;
			target = 4E792AAA133A2ECF003C9B3E /* baf */;
			targetProxy = 4E792AC3133A2FA6003C9B3E /* PBXContainerItemProxy */;
		};
		8486D0D91600EFDC0065DEFF /* PBXTargetDependency */ = {
			isa = PBXTargetDependency;
			target = 4E792AAA133A2ECF003C9B3E /* baf */;
			targetProxy = 8486D0D81600EFDC0065DEFF /* PBXContainerItemProxy */;
		};
/* End PBXTargetDependency section */

/* Begin PBXVariantGroup section */
		089C1666FE841158C02AAC07 /* InfoPlist.strings */ = {
			isa = PBXVariantGroup;
			children = (
				089C1667FE841158C02AAC07 /* English */,
			);
			name = InfoPlist.strings;
			sourceTree = "<group>";
		};
/* End PBXVariantGroup section */

/* Begin XCBuildConfiguration section */
		1DEB91AE08733DA50010E9CD /* Debug */ = {
			isa = XCBuildConfiguration;
			buildSettings = {
				ALWAYS_SEARCH_USER_PATHS = NO;
				"CODE_SIGN_IDENTITY[sdk=macosx*]" = "Mac Developer";
				COMBINE_HIDPI_IMAGES = YES;
				COPY_PHASE_STRIP = NO;
				DYLIB_COMPATIBILITY_VERSION = 1;
				DYLIB_CURRENT_VERSION = 1;
				FRAMEWORK_SEARCH_PATHS = (
					"$(inherited)",
					"\"$(DEVELOPER_FRAMEWORKS_DIR)\"",
				);
				FRAMEWORK_VERSION = A;
				GCC_DYNAMIC_NO_PIC = NO;
				GCC_OPTIMIZATION_LEVEL = 0;
				GCC_PRECOMPILE_PREFIX_HEADER = YES;
				GCC_PREFIX_HEADER = BAFoundation/BAFoundation_Prefix.pch;
				INFOPLIST_FILE = BAFoundation/Info.plist;
				INSTALL_PATH = "@executable_path/../Frameworks";
				PRODUCT_NAME = BAFoundation;
				PROVISIONING_PROFILE = "";
				WRAPPER_EXTENSION = framework;
			};
			name = Debug;
		};
		1DEB91AF08733DA50010E9CD /* Release */ = {
			isa = XCBuildConfiguration;
			buildSettings = {
				ALWAYS_SEARCH_USER_PATHS = NO;
				"CODE_SIGN_IDENTITY[sdk=macosx*]" = "Mac Developer";
				COMBINE_HIDPI_IMAGES = YES;
				DEBUG_INFORMATION_FORMAT = "dwarf-with-dsym";
				DYLIB_COMPATIBILITY_VERSION = 1;
				DYLIB_CURRENT_VERSION = 1;
				FRAMEWORK_SEARCH_PATHS = (
					"$(inherited)",
					"\"$(DEVELOPER_FRAMEWORKS_DIR)\"",
				);
				FRAMEWORK_VERSION = A;
				GCC_PRECOMPILE_PREFIX_HEADER = YES;
				GCC_PREFIX_HEADER = BAFoundation/BAFoundation_Prefix.pch;
				INFOPLIST_FILE = BAFoundation/Info.plist;
				INSTALL_PATH = "@executable_path/../Frameworks";
				PRODUCT_NAME = BAFoundation;
				PROVISIONING_PROFILE = "";
				WRAPPER_EXTENSION = framework;
			};
			name = Release;
		};
		1DEB91B208733DA50010E9CD /* Debug */ = {
			isa = XCBuildConfiguration;
			buildSettings = {
				CLANG_WARN_BOOL_CONVERSION = YES;
				CLANG_WARN_CONSTANT_CONVERSION = YES;
				CLANG_WARN_EMPTY_BODY = YES;
				CLANG_WARN_ENUM_CONVERSION = YES;
				CLANG_WARN_INT_CONVERSION = YES;
				CLANG_WARN_UNREACHABLE_CODE = YES;
				CLANG_WARN__DUPLICATE_METHOD_MATCH = YES;
				ENABLE_STRICT_OBJC_MSGSEND = YES;
				GCC_C_LANGUAGE_STANDARD = c99;
				GCC_NO_COMMON_BLOCKS = YES;
				GCC_OPTIMIZATION_LEVEL = 0;
				GCC_VERSION = com.apple.compilers.llvm.clang.1_0;
				GCC_WARN_64_TO_32_BIT_CONVERSION = YES;
				GCC_WARN_ABOUT_MISSING_PROTOTYPES = YES;
				GCC_WARN_ABOUT_RETURN_TYPE = YES;
				GCC_WARN_UNDECLARED_SELECTOR = YES;
				GCC_WARN_UNINITIALIZED_AUTOS = YES;
				GCC_WARN_UNUSED_FUNCTION = YES;
				GCC_WARN_UNUSED_VARIABLE = YES;
				MACOSX_DEPLOYMENT_TARGET = 10.7;
				ONLY_ACTIVE_ARCH = YES;
				SDKROOT = macosx;
			};
			name = Debug;
		};
		1DEB91B308733DA50010E9CD /* Release */ = {
			isa = XCBuildConfiguration;
			buildSettings = {
				CLANG_WARN_BOOL_CONVERSION = YES;
				CLANG_WARN_CONSTANT_CONVERSION = YES;
				CLANG_WARN_EMPTY_BODY = YES;
				CLANG_WARN_ENUM_CONVERSION = YES;
				CLANG_WARN_INT_CONVERSION = YES;
				CLANG_WARN_UNREACHABLE_CODE = YES;
				CLANG_WARN__DUPLICATE_METHOD_MATCH = YES;
				ENABLE_STRICT_OBJC_MSGSEND = YES;
				GCC_C_LANGUAGE_STANDARD = c99;
				GCC_NO_COMMON_BLOCKS = YES;
				GCC_WARN_64_TO_32_BIT_CONVERSION = YES;
				GCC_WARN_ABOUT_MISSING_PROTOTYPES = YES;
				GCC_WARN_ABOUT_RETURN_TYPE = YES;
				GCC_WARN_UNDECLARED_SELECTOR = YES;
				GCC_WARN_UNINITIALIZED_AUTOS = YES;
				GCC_WARN_UNUSED_FUNCTION = YES;
				GCC_WARN_UNUSED_VARIABLE = YES;
				MACOSX_DEPLOYMENT_TARGET = 10.7;
				SDKROOT = macosx;
			};
			name = Release;
		};
		4E4CC4A71338D0F2007AD580 /* Debug */ = {
			isa = XCBuildConfiguration;
			buildSettings = {
				ALWAYS_SEARCH_USER_PATHS = NO;
				COMBINE_HIDPI_IMAGES = YES;
				COPY_PHASE_STRIP = NO;
				FRAMEWORK_SEARCH_PATHS = "\"$(DEVELOPER_LIBRARY_DIR)/Frameworks\"";
				GCC_DYNAMIC_NO_PIC = NO;
				GCC_ENABLE_OBJC_EXCEPTIONS = YES;
				GCC_OPTIMIZATION_LEVEL = 0;
				GCC_PRECOMPILE_PREFIX_HEADER = YES;
				GCC_PREFIX_HEADER = "$(SYSTEM_LIBRARY_DIR)/Frameworks/Cocoa.framework/Headers/Cocoa.h";
				INFOPLIST_FILE = "BAFoundationTests/BAFoundationTests-Info.plist";
				INSTALL_PATH = "$(USER_LIBRARY_DIR)/Bundles";
				OTHER_LDFLAGS = (
					"-framework",
					Cocoa,
					"-framework",
					SenTestingKit,
				);
				PRODUCT_NAME = BAFoundationTests;
				WRAPPER_EXTENSION = octest;
			};
			name = Debug;
		};
		4E4CC4A81338D0F2007AD580 /* Release */ = {
			isa = XCBuildConfiguration;
			buildSettings = {
				ALWAYS_SEARCH_USER_PATHS = NO;
				COMBINE_HIDPI_IMAGES = YES;
				COPY_PHASE_STRIP = YES;
				DEBUG_INFORMATION_FORMAT = "dwarf-with-dsym";
				FRAMEWORK_SEARCH_PATHS = "\"$(DEVELOPER_LIBRARY_DIR)/Frameworks\"";
				GCC_ENABLE_OBJC_EXCEPTIONS = YES;
				GCC_PRECOMPILE_PREFIX_HEADER = YES;
				GCC_PREFIX_HEADER = "$(SYSTEM_LIBRARY_DIR)/Frameworks/Cocoa.framework/Headers/Cocoa.h";
				INFOPLIST_FILE = "BAFoundationTests/BAFoundationTests-Info.plist";
				INSTALL_PATH = "$(USER_LIBRARY_DIR)/Bundles";
				OTHER_LDFLAGS = (
					"-framework",
					Cocoa,
					"-framework",
					SenTestingKit,
				);
				PRODUCT_NAME = BAFoundationTests;
				WRAPPER_EXTENSION = octest;
			};
			name = Release;
		};
		4E792A94133A2E82003C9B3E /* Debug */ = {
			isa = XCBuildConfiguration;
			buildSettings = {
				ALWAYS_SEARCH_USER_PATHS = NO;
				COPY_PHASE_STRIP = NO;
				GCC_DYNAMIC_NO_PIC = NO;
				GCC_OPTIMIZATION_LEVEL = 0;
				GCC_PRECOMPILE_PREFIX_HEADER = YES;
				GCC_PREFIX_HEADER = "$(SYSTEM_LIBRARY_DIR)/Frameworks/AppKit.framework/Headers/AppKit.h";
				INSTALL_PATH = /usr/local/bin;
				OTHER_LDFLAGS = (
					"-framework",
					Foundation,
					"-framework",
					AppKit,
				);
				PRODUCT_NAME = baft;
			};
			name = Debug;
		};
		4E792A95133A2E82003C9B3E /* Release */ = {
			isa = XCBuildConfiguration;
			buildSettings = {
				ALWAYS_SEARCH_USER_PATHS = NO;
				COPY_PHASE_STRIP = YES;
				DEBUG_INFORMATION_FORMAT = "dwarf-with-dsym";
				GCC_PRECOMPILE_PREFIX_HEADER = YES;
				GCC_PREFIX_HEADER = "$(SYSTEM_LIBRARY_DIR)/Frameworks/AppKit.framework/Headers/AppKit.h";
				INSTALL_PATH = /usr/local/bin;
				OTHER_LDFLAGS = (
					"-framework",
					Foundation,
					"-framework",
					AppKit,
				);
				PRODUCT_NAME = baft;
			};
			name = Release;
		};
		4E792AB0133A2ED0003C9B3E /* Debug */ = {
			isa = XCBuildConfiguration;
			buildSettings = {
				ALWAYS_SEARCH_USER_PATHS = NO;
				COMBINE_HIDPI_IMAGES = YES;
				COPY_PHASE_STRIP = NO;
				GCC_DYNAMIC_NO_PIC = NO;
				GCC_OPTIMIZATION_LEVEL = 0;
				GCC_PRECOMPILE_PREFIX_HEADER = YES;
				GCC_PREFIX_HEADER = "$(SYSTEM_LIBRARY_DIR)/Frameworks/AppKit.framework/Headers/AppKit.h";
				INSTALL_PATH = /usr/local/lib;
				OTHER_LDFLAGS = (
					"-framework",
					Foundation,
					"-framework",
					AppKit,
				);
				PRODUCT_NAME = baf;
			};
			name = Debug;
		};
		4E792AB1133A2ED0003C9B3E /* Release */ = {
			isa = XCBuildConfiguration;
			buildSettings = {
				ALWAYS_SEARCH_USER_PATHS = NO;
				COMBINE_HIDPI_IMAGES = YES;
				COPY_PHASE_STRIP = YES;
				DEBUG_INFORMATION_FORMAT = "dwarf-with-dsym";
				GCC_PRECOMPILE_PREFIX_HEADER = YES;
				GCC_PREFIX_HEADER = "$(SYSTEM_LIBRARY_DIR)/Frameworks/AppKit.framework/Headers/AppKit.h";
				INSTALL_PATH = /usr/local/lib;
				OTHER_LDFLAGS = (
					"-framework",
					Foundation,
					"-framework",
					AppKit,
				);
				PRODUCT_NAME = baf;
			};
			name = Release;
		};
/* End XCBuildConfiguration section */

/* Begin XCConfigurationList section */
		1DEB91AD08733DA50010E9CD /* Build configuration list for PBXNativeTarget "BAFoundation" */ = {
			isa = XCConfigurationList;
			buildConfigurations = (
				1DEB91AE08733DA50010E9CD /* Debug */,
				1DEB91AF08733DA50010E9CD /* Release */,
			);
			defaultConfigurationIsVisible = 0;
			defaultConfigurationName = Release;
		};
		1DEB91B108733DA50010E9CD /* Build configuration list for PBXProject "BAFoundation" */ = {
			isa = XCConfigurationList;
			buildConfigurations = (
				1DEB91B208733DA50010E9CD /* Debug */,
				1DEB91B308733DA50010E9CD /* Release */,
			);
			defaultConfigurationIsVisible = 0;
			defaultConfigurationName = Release;
		};
		4E4CC4A91338D0F3007AD580 /* Build configuration list for PBXNativeTarget "BAFoundationTests" */ = {
			isa = XCConfigurationList;
			buildConfigurations = (
				4E4CC4A71338D0F2007AD580 /* Debug */,
				4E4CC4A81338D0F2007AD580 /* Release */,
			);
			defaultConfigurationIsVisible = 0;
			defaultConfigurationName = Release;
		};
		4E792A98133A2EA0003C9B3E /* Build configuration list for PBXNativeTarget "baft" */ = {
			isa = XCConfigurationList;
			buildConfigurations = (
				4E792A94133A2E82003C9B3E /* Debug */,
				4E792A95133A2E82003C9B3E /* Release */,
			);
			defaultConfigurationIsVisible = 0;
			defaultConfigurationName = Release;
		};
		4E792AB6133A2F31003C9B3E /* Build configuration list for PBXNativeTarget "baf" */ = {
			isa = XCConfigurationList;
			buildConfigurations = (
				4E792AB0133A2ED0003C9B3E /* Debug */,
				4E792AB1133A2ED0003C9B3E /* Release */,
			);
			defaultConfigurationIsVisible = 0;
			defaultConfigurationName = Release;
		};
/* End XCConfigurationList section */
	};
	rootObject = 0867D690FE84028FC02AAC07 /* Project object */;
}
